
Microsoft Visual Studio Solution File, Format Version 12.00
# Visual Studio 14
VisualStudioVersion = 14.0.25123.0
MinimumVisualStudioVersion = 10.0.40219.1
Project("{FAE04EC0-301F-11D3-BF4B-00C04F79EFBC}") = "PwC.C4.Dfs.Web", "Dfs\PwC.C4.Dfs.Web\PwC.C4.Dfs.Web.csproj", "{A885882D-3E55-445C-B68B-B05C3787DC0F}"
EndProject
Project("{FAE04EC0-301F-11D3-BF4B-00C04F79EFBC}") = "PwC.C4.Dfs.Client", "Dfs\PwC.C4.Dfs.Client\PwC.C4.Dfs.Client.csproj", "{652B7AF9-F646-4BDB-93E4-92A27C3F1F2A}"
EndProject
Project("{FAE04EC0-301F-11D3-BF4B-00C04F79EFBC}") = "PwC.C4.Dfs.ReceiveService", "Dfs\PwC.C4.Dfs.ReceiveService\PwC.C4.Dfs.ReceiveService.csproj", "{FD84B2BA-D740-4E98-8604-5BE98B080F5B}"
EndProject
Project("{FAE04EC0-301F-11D3-BF4B-00C04F79EFBC}") = "PwC.C4.Dfs.Common", "Dfs\PwC.C4.Dfs.Common\PwC.C4.Dfs.Common.csproj", "{67208A0B-F69D-4C80-98BE-91C1C9A2A447}"
EndProject
Project("{FAE04EC0-301F-11D3-BF4B-00C04F79EFBC}") = "PwC.C4.Dfs.ConvertService", "Dfs\PwC.C4.Dfs.ConvertService\PwC.C4.Dfs.ConvertService.csproj", "{EB9FB08F-1E66-434C-950D-76B705A42ACF}"
EndProject
Project("{FAE04EC0-301F-11D3-BF4B-00C04F79EFBC}") = "PwC.C4.Dfs.Converter", "Dfs\PwC.C4.Dfs.Converter\PwC.C4.Dfs.Converter.csproj", "{D7A93E24-4B48-4DF8-9E21-A4615A4BC6E2}"
EndProject
Global
	GlobalSection(SolutionConfigurationPlatforms) = preSolution
		Debug|Any CPU = Debug|Any CPU
		Nuget|Any CPU = Nuget|Any CPU
		Release|Any CPU = Release|Any CPU
		UAT|Any CPU = UAT|Any CPU
	EndGlobalSection
	GlobalSection(ProjectConfigurationPlatforms) = postSolution
		{A885882D-3E55-445C-B68B-B05C3787DC0F}.Debug|Any CPU.ActiveCfg = Debug|Any CPU
		{A885882D-3E55-445C-B68B-B05C3787DC0F}.Debug|Any CPU.Build.0 = Debug|Any CPU
		{A885882D-3E55-445C-B68B-B05C3787DC0F}.Nuget|Any CPU.ActiveCfg = Release|Any CPU
		{A885882D-3E55-445C-B68B-B05C3787DC0F}.Nuget|Any CPU.Build.0 = Release|Any CPU
		{A885882D-3E55-445C-B68B-B05C3787DC0F}.Release|Any CPU.ActiveCfg = Release|Any CPU
		{A885882D-3E55-445C-B68B-B05C3787DC0F}.Release|Any CPU.Build.0 = Release|Any CPU
		{A885882D-3E55-445C-B68B-B05C3787DC0F}.UAT|Any CPU.ActiveCfg = Release|Any CPU
		{A885882D-3E55-445C-B68B-B05C3787DC0F}.UAT|Any CPU.Build.0 = Release|Any CPU
		{652B7AF9-F646-4BDB-93E4-92A27C3F1F2A}.Debug|Any CPU.ActiveCfg = Debug|Any CPU
		{652B7AF9-F646-4BDB-93E4-92A27C3F1F2A}.Debug|Any CPU.Build.0 = Debug|Any CPU
		{652B7AF9-F646-4BDB-93E4-92A27C3F1F2A}.Nuget|Any CPU.ActiveCfg = Release|Any CPU
		{652B7AF9-F646-4BDB-93E4-92A27C3F1F2A}.Nuget|Any CPU.Build.0 = Release|Any CPU
		{652B7AF9-F646-4BDB-93E4-92A27C3F1F2A}.Release|Any CPU.ActiveCfg = Release|Any CPU
		{652B7AF9-F646-4BDB-93E4-92A27C3F1F2A}.Release|Any CPU.Build.0 = Release|Any CPU
		{652B7AF9-F646-4BDB-93E4-92A27C3F1F2A}.UAT|Any CPU.ActiveCfg = Release|Any CPU
		{652B7AF9-F646-4BDB-93E4-92A27C3F1F2A}.UAT|Any CPU.Build.0 = Release|Any CPU
		{FD84B2BA-D740-4E98-8604-5BE98B080F5B}.Debug|Any CPU.ActiveCfg = Debug|Any CPU
		{FD84B2BA-D740-4E98-8604-5BE98B080F5B}.Debug|Any CPU.Build.0 = Debug|Any CPU
		{FD84B2BA-D740-4E98-8604-5BE98B080F5B}.Nuget|Any CPU.ActiveCfg = Release|Any CPU
		{FD84B2BA-D740-4E98-8604-5BE98B080F5B}.Nuget|Any CPU.Build.0 = Release|Any CPU
		{FD84B2BA-D740-4E98-8604-5BE98B080F5B}.Release|Any CPU.ActiveCfg = Release|Any CPU
		{FD84B2BA-D740-4E98-8604-5BE98B080F5B}.Release|Any CPU.Build.0 = Release|Any CPU
		{FD84B2BA-D740-4E98-8604-5BE98B080F5B}.UAT|Any CPU.ActiveCfg = Release|Any CPU
		{FD84B2BA-D740-4E98-8604-5BE98B080F5B}.UAT|Any CPU.Build.0 = Release|Any CPU
		{67208A0B-F69D-4C80-98BE-91C1C9A2A447}.Debug|Any CPU.ActiveCfg = Debug|Any CPU
		{67208A0B-F69D-4C80-98BE-91C1C9A2A447}.Debug|Any CPU.Build.0 = Debug|Any CPU
		{67208A0B-F69D-4C80-98BE-91C1C9A2A447}.Nuget|Any CPU.ActiveCfg = Release|Any CPU
		{67208A0B-F69D-4C80-98BE-91C1C9A2A447}.Nuget|Any CPU.Build.0 = Release|Any CPU
		{67208A0B-F69D-4C80-98BE-91C1C9A2A447}.Release|Any CPU.ActiveCfg = Release|Any CPU
		{67208A0B-F69D-4C80-98BE-91C1C9A2A447}.Release|Any CPU.Build.0 = Release|Any CPU
		{67208A0B-F69D-4C80-98BE-91C1C9A2A447}.UAT|Any CPU.ActiveCfg = Release|Any CPU
		{67208A0B-F69D-4C80-98BE-91C1C9A2A447}.UAT|Any CPU.Build.0 = Release|Any CPU
		{EB9FB08F-1E66-434C-950D-76B705A42ACF}.Debug|Any CPU.ActiveCfg = Debug|Any CPU
		{EB9FB08F-1E66-434C-950D-76B705A42ACF}.Debug|Any CPU.Build.0 = Debug|Any CPU
		{EB9FB08F-1E66-434C-950D-76B705A42ACF}.Nuget|Any CPU.ActiveCfg = Release|Any CPU
		{EB9FB08F-1E66-434C-950D-76B705A42ACF}.Nuget|Any CPU.Build.0 = Release|Any CPU
		{EB9FB08F-1E66-434C-950D-76B705A42ACF}.Release|Any CPU.ActiveCfg = Release|Any CPU
		{EB9FB08F-1E66-434C-950D-76B705A42ACF}.Release|Any CPU.Build.0 = Release|Any CPU
		{EB9FB08F-1E66-434C-950D-76B705A42ACF}.UAT|Any CPU.ActiveCfg = Release|Any CPU
		{EB9FB08F-1E66-434C-950D-76B705A42ACF}.UAT|Any CPU.Build.0 = Release|Any CPU
		{D7A93E24-4B48-4DF8-9E21-A4615A4BC6E2}.Debug|Any CPU.ActiveCfg = Debug|Any CPU
		{D7A93E24-4B48-4DF8-9E21-A4615A4BC6E2}.Debug|Any CPU.Build.0 = Debug|Any CPU
		{D7A93E24-4B48-4DF8-9E21-A4615A4BC6E2}.Nuget|Any CPU.ActiveCfg = Release|Any CPU
		{D7A93E24-4B48-4DF8-9E21-A4615A4BC6E2}.Nuget|Any CPU.Build.0 = Release|Any CPU
		{D7A93E24-4B48-4DF8-9E21-A4615A4BC6E2}.Release|Any CPU.ActiveCfg = Release|Any CPU
		{D7A93E24-4B48-4DF8-9E21-A4615A4BC6E2}.Release|Any CPU.Build.0 = Release|Any CPU
		{D7A93E24-4B48-4DF8-9E21-A4615A4BC6E2}.UAT|Any CPU.ActiveCfg = Release|Any CPU
		{D7A93E24-4B48-4DF8-9E21-A4615A4BC6E2}.UAT|Any CPU.Build.0 = Release|Any CPU
	EndGlobalSection
	GlobalSection(SolutionProperties) = preSolution
		HideSolutionNode = FALSE
	EndGlobalSection
EndGlobal
