
Microsoft Visual Studio Solution File, Format Version 12.00
# Visual Studio 14
VisualStudioVersion = 14.0.24720.0
MinimumVisualStudioVersion = 10.0.40219.1
Project("{FAE04EC0-301F-11D3-BF4B-00C04F79EFBC}") = "PwC.C4.Infrastructure", "Core\PwC.C4.Infrastructure\PwC.C4.Infrastructure.csproj", "{AFF517D2-7442-434B-A83C-E5391D4D4992}"
EndProject
Project("{FAE04EC0-301F-11D3-BF4B-00C04F79EFBC}") = "PwC.C4.Membership", "Core\PwC.C4.Membership\PwC.C4.Membership.csproj", "{89C63605-D95C-49D7-9D4E-57416B967380}"
EndProject
Project("{2150E333-8FDC-42A3-9474-1A3956D46DE8}") = "Core", "Core", "{FEE88EB3-FFF5-4752-9A5A-A658659BC6DD}"
EndProject
Project("{FAE04EC0-301F-11D3-BF4B-00C04F79EFBC}") = "PwC.C4.Metadata", "Metadata\PwC.C4.Metadata\PwC.C4.Metadata.csproj", "{5D05594D-EB47-4677-8F77-3FFCF217B09F}"
EndProject
Project("{FAE04EC0-301F-11D3-BF4B-00C04F79EFBC}") = "PwC.C4.Common", "Core\PwC.C4.Common\PwC.C4.Common.csproj", "{71DCF49F-A561-4B48-BE79-F80F128EC04E}"
EndProject
Project("{FAE04EC0-301F-11D3-BF4B-00C04F79EFBC}") = "PwC.C4.Metadata.Storage", "Metadata\PwC.C4.Metadata.Storage\PwC.C4.Metadata.Storage.csproj", "{2CDDC8B1-208B-418C-9CC4-92228CA94633}"
EndProject
Project("{FAE04EC0-301F-11D3-BF4B-00C04F79EFBC}") = "PwC.C4.Infrastructure.Logger", "Core\PwC.C4.Infrastructure.Logger\PwC.C4.Infrastructure.Logger.csproj", "{CDF1FA5E-5DDC-4310-92A1-762255E5AB85}"
EndProject
Project("{FAE04EC0-301F-11D3-BF4B-00C04F79EFBC}") = "PwC.C4.Infrastructure.Cache", "Core\PwC.C4.Infrastructure.Cache\PwC.C4.Infrastructure.Cache.csproj", "{9B6F1648-D310-4744-B759-38B6AACA415B}"
EndProject
Project("{2150E333-8FDC-42A3-9474-1A3956D46DE8}") = "Dfs", "Dfs", "{D185F395-8DF8-45BB-B0BC-6674ED7CAF08}"
EndProject
Project("{FAE04EC0-301F-11D3-BF4B-00C04F79EFBC}") = "PwC.C4.Dfs.Client", "Dfs\PwC.C4.Dfs.Client\PwC.C4.Dfs.Client.csproj", "{652B7AF9-F646-4BDB-93E4-92A27C3F1F2A}"
EndProject
Project("{2150E333-8FDC-42A3-9474-1A3956D46DE8}") = "Configuration", "Configuration", "{1303CC8F-1B97-4B9E-8A41-7E0C2B6D39C3}"
EndProject
Project("{FAE04EC0-301F-11D3-BF4B-00C04F79EFBC}") = "PwC.C4.Configuration", "Configuration\PwC.C4.Configuration\PwC.C4.Configuration.csproj", "{76ADDD2C-797E-49D2-8CD9-72FAD004BFCE}"
EndProject
Project("{FAE04EC0-301F-11D3-BF4B-00C04F79EFBC}") = "PwC.C4.Dfs.Common", "Dfs\PwC.C4.Dfs.Common\PwC.C4.Dfs.Common.csproj", "{67208A0B-F69D-4C80-98BE-91C1C9A2A447}"
EndProject
Project("{FAE04EC0-301F-11D3-BF4B-00C04F79EFBC}") = "PwC.C4.Dfs.Converter", "Dfs\PwC.C4.Dfs.Converter\PwC.C4.Dfs.Converter.csproj", "{D7A93E24-4B48-4DF8-9E21-A4615A4BC6E2}"
EndProject
Project("{FAE04EC0-301F-11D3-BF4B-00C04F79EFBC}") = "PwC.C4.TemplateEngine", "Metadata\PwC.C4.TemplateEngine\PwC.C4.TemplateEngine.csproj", "{3A0ADA25-F094-45BD-882D-C65A1475349E}"
EndProject
Project("{FAE04EC0-301F-11D3-BF4B-00C04F79EFBC}") = "PwC.C4.ConnectionPool", "Core\PwC.C4.ConnectionPool\PwC.C4.ConnectionPool.csproj", "{216D128A-EC02-4813-B758-D5EA6706D8F5}"
EndProject
Project("{2150E333-8FDC-42A3-9474-1A3956D46DE8}") = "Metadata", "Metadata", "{9C54A884-FADD-4DF2-8A14-68488A7C6449}"
EndProject
Project("{FAE04EC0-301F-11D3-BF4B-00C04F79EFBC}") = "PwC.C4.Metadata.Search", "Metadata\PwC.C4.Metadata.Search\PwC.C4.Metadata.Search.csproj", "{399ABBA0-CDF3-4B13-B30C-2D228E958996}"
EndProject
Global
	GlobalSection(SolutionConfigurationPlatforms) = preSolution
		Debug|Any CPU = Debug|Any CPU
		Debug|x64 = Debug|x64
		Nuget|Any CPU = Nuget|Any CPU
		Nuget|x64 = Nuget|x64
		Release|Any CPU = Release|Any CPU
		Release|x64 = Release|x64
		UAT|Any CPU = UAT|Any CPU
		UAT|x64 = UAT|x64
	EndGlobalSection
	GlobalSection(ProjectConfigurationPlatforms) = postSolution
		{AFF517D2-7442-434B-A83C-E5391D4D4992}.Debug|Any CPU.ActiveCfg = Debug|Any CPU
		{AFF517D2-7442-434B-A83C-E5391D4D4992}.Debug|Any CPU.Build.0 = Debug|Any CPU
		{AFF517D2-7442-434B-A83C-E5391D4D4992}.Debug|x64.ActiveCfg = Debug|Any CPU
		{AFF517D2-7442-434B-A83C-E5391D4D4992}.Debug|x64.Build.0 = Debug|Any CPU
		{AFF517D2-7442-434B-A83C-E5391D4D4992}.Nuget|Any CPU.ActiveCfg = Nuget|Any CPU
		{AFF517D2-7442-434B-A83C-E5391D4D4992}.Nuget|Any CPU.Build.0 = Nuget|Any CPU
		{AFF517D2-7442-434B-A83C-E5391D4D4992}.Nuget|x64.ActiveCfg = Nuget|Any CPU
		{AFF517D2-7442-434B-A83C-E5391D4D4992}.Nuget|x64.Build.0 = Nuget|Any CPU
		{AFF517D2-7442-434B-A83C-E5391D4D4992}.Release|Any CPU.ActiveCfg = Release|Any CPU
		{AFF517D2-7442-434B-A83C-E5391D4D4992}.Release|Any CPU.Build.0 = Release|Any CPU
		{AFF517D2-7442-434B-A83C-E5391D4D4992}.Release|x64.ActiveCfg = Release|Any CPU
		{AFF517D2-7442-434B-A83C-E5391D4D4992}.Release|x64.Build.0 = Release|Any CPU
		{AFF517D2-7442-434B-A83C-E5391D4D4992}.UAT|Any CPU.ActiveCfg = Release|Any CPU
		{AFF517D2-7442-434B-A83C-E5391D4D4992}.UAT|Any CPU.Build.0 = Release|Any CPU
		{AFF517D2-7442-434B-A83C-E5391D4D4992}.UAT|x64.ActiveCfg = Release|Any CPU
		{AFF517D2-7442-434B-A83C-E5391D4D4992}.UAT|x64.Build.0 = Release|Any CPU
		{89C63605-D95C-49D7-9D4E-57416B967380}.Debug|Any CPU.ActiveCfg = Debug|Any CPU
		{89C63605-D95C-49D7-9D4E-57416B967380}.Debug|Any CPU.Build.0 = Debug|Any CPU
		{89C63605-D95C-49D7-9D4E-57416B967380}.Debug|x64.ActiveCfg = Debug|Any CPU
		{89C63605-D95C-49D7-9D4E-57416B967380}.Debug|x64.Build.0 = Debug|Any CPU
		{89C63605-D95C-49D7-9D4E-57416B967380}.Nuget|Any CPU.ActiveCfg = Nuget|Any CPU
		{89C63605-D95C-49D7-9D4E-57416B967380}.Nuget|Any CPU.Build.0 = Nuget|Any CPU
		{89C63605-D95C-49D7-9D4E-57416B967380}.Nuget|x64.ActiveCfg = Nuget|Any CPU
		{89C63605-D95C-49D7-9D4E-57416B967380}.Nuget|x64.Build.0 = Nuget|Any CPU
		{89C63605-D95C-49D7-9D4E-57416B967380}.Release|Any CPU.ActiveCfg = Release|Any CPU
		{89C63605-D95C-49D7-9D4E-57416B967380}.Release|Any CPU.Build.0 = Release|Any CPU
		{89C63605-D95C-49D7-9D4E-57416B967380}.Release|x64.ActiveCfg = Release|Any CPU
		{89C63605-D95C-49D7-9D4E-57416B967380}.Release|x64.Build.0 = Release|Any CPU
		{89C63605-D95C-49D7-9D4E-57416B967380}.UAT|Any CPU.ActiveCfg = Release|Any CPU
		{89C63605-D95C-49D7-9D4E-57416B967380}.UAT|Any CPU.Build.0 = Release|Any CPU
		{89C63605-D95C-49D7-9D4E-57416B967380}.UAT|x64.ActiveCfg = Release|Any CPU
		{89C63605-D95C-49D7-9D4E-57416B967380}.UAT|x64.Build.0 = Release|Any CPU
		{5D05594D-EB47-4677-8F77-3FFCF217B09F}.Debug|Any CPU.ActiveCfg = Debug|Any CPU
		{5D05594D-EB47-4677-8F77-3FFCF217B09F}.Debug|Any CPU.Build.0 = Debug|Any CPU
		{5D05594D-EB47-4677-8F77-3FFCF217B09F}.Debug|x64.ActiveCfg = Debug|Any CPU
		{5D05594D-EB47-4677-8F77-3FFCF217B09F}.Debug|x64.Build.0 = Debug|Any CPU
		{5D05594D-EB47-4677-8F77-3FFCF217B09F}.Nuget|Any CPU.ActiveCfg = Nuget|Any CPU
		{5D05594D-EB47-4677-8F77-3FFCF217B09F}.Nuget|Any CPU.Build.0 = Nuget|Any CPU
		{5D05594D-EB47-4677-8F77-3FFCF217B09F}.Nuget|x64.ActiveCfg = Nuget|Any CPU
		{5D05594D-EB47-4677-8F77-3FFCF217B09F}.Nuget|x64.Build.0 = Nuget|Any CPU
		{5D05594D-EB47-4677-8F77-3FFCF217B09F}.Release|Any CPU.ActiveCfg = Release|Any CPU
		{5D05594D-EB47-4677-8F77-3FFCF217B09F}.Release|Any CPU.Build.0 = Release|Any CPU
		{5D05594D-EB47-4677-8F77-3FFCF217B09F}.Release|x64.ActiveCfg = Release|Any CPU
		{5D05594D-EB47-4677-8F77-3FFCF217B09F}.Release|x64.Build.0 = Release|Any CPU
		{5D05594D-EB47-4677-8F77-3FFCF217B09F}.UAT|Any CPU.ActiveCfg = Release|Any CPU
		{5D05594D-EB47-4677-8F77-3FFCF217B09F}.UAT|Any CPU.Build.0 = Release|Any CPU
		{5D05594D-EB47-4677-8F77-3FFCF217B09F}.UAT|x64.ActiveCfg = Release|Any CPU
		{5D05594D-EB47-4677-8F77-3FFCF217B09F}.UAT|x64.Build.0 = Release|Any CPU
		{71DCF49F-A561-4B48-BE79-F80F128EC04E}.Debug|Any CPU.ActiveCfg = Debug|Any CPU
		{71DCF49F-A561-4B48-BE79-F80F128EC04E}.Debug|Any CPU.Build.0 = Debug|Any CPU
		{71DCF49F-A561-4B48-BE79-F80F128EC04E}.Debug|x64.ActiveCfg = Debug|Any CPU
		{71DCF49F-A561-4B48-BE79-F80F128EC04E}.Debug|x64.Build.0 = Debug|Any CPU
		{71DCF49F-A561-4B48-BE79-F80F128EC04E}.Nuget|Any CPU.ActiveCfg = Nuget|Any CPU
		{71DCF49F-A561-4B48-BE79-F80F128EC04E}.Nuget|Any CPU.Build.0 = Nuget|Any CPU
		{71DCF49F-A561-4B48-BE79-F80F128EC04E}.Nuget|x64.ActiveCfg = Nuget|Any CPU
		{71DCF49F-A561-4B48-BE79-F80F128EC04E}.Nuget|x64.Build.0 = Nuget|Any CPU
		{71DCF49F-A561-4B48-BE79-F80F128EC04E}.Release|Any CPU.ActiveCfg = Release|Any CPU
		{71DCF49F-A561-4B48-BE79-F80F128EC04E}.Release|Any CPU.Build.0 = Release|Any CPU
		{71DCF49F-A561-4B48-BE79-F80F128EC04E}.Release|x64.ActiveCfg = Release|Any CPU
		{71DCF49F-A561-4B48-BE79-F80F128EC04E}.Release|x64.Build.0 = Release|Any CPU
		{71DCF49F-A561-4B48-BE79-F80F128EC04E}.UAT|Any CPU.ActiveCfg = Release|Any CPU
		{71DCF49F-A561-4B48-BE79-F80F128EC04E}.UAT|Any CPU.Build.0 = Release|Any CPU
		{71DCF49F-A561-4B48-BE79-F80F128EC04E}.UAT|x64.ActiveCfg = Release|Any CPU
		{71DCF49F-A561-4B48-BE79-F80F128EC04E}.UAT|x64.Build.0 = Release|Any CPU
		{2CDDC8B1-208B-418C-9CC4-92228CA94633}.Debug|Any CPU.ActiveCfg = Debug|Any CPU
		{2CDDC8B1-208B-418C-9CC4-92228CA94633}.Debug|Any CPU.Build.0 = Debug|Any CPU
		{2CDDC8B1-208B-418C-9CC4-92228CA94633}.Debug|x64.ActiveCfg = Debug|Any CPU
		{2CDDC8B1-208B-418C-9CC4-92228CA94633}.Debug|x64.Build.0 = Debug|Any CPU
		{2CDDC8B1-208B-418C-9CC4-92228CA94633}.Nuget|Any CPU.ActiveCfg = Release|Any CPU
		{2CDDC8B1-208B-418C-9CC4-92228CA94633}.Nuget|Any CPU.Build.0 = Release|Any CPU
		{2CDDC8B1-208B-418C-9CC4-92228CA94633}.Nuget|x64.ActiveCfg = Release|Any CPU
		{2CDDC8B1-208B-418C-9CC4-92228CA94633}.Nuget|x64.Build.0 = Release|Any CPU
		{2CDDC8B1-208B-418C-9CC4-92228CA94633}.Release|Any CPU.ActiveCfg = Release|Any CPU
		{2CDDC8B1-208B-418C-9CC4-92228CA94633}.Release|Any CPU.Build.0 = Release|Any CPU
		{2CDDC8B1-208B-418C-9CC4-92228CA94633}.Release|x64.ActiveCfg = Release|Any CPU
		{2CDDC8B1-208B-418C-9CC4-92228CA94633}.Release|x64.Build.0 = Release|Any CPU
		{2CDDC8B1-208B-418C-9CC4-92228CA94633}.UAT|Any CPU.ActiveCfg = Release|Any CPU
		{2CDDC8B1-208B-418C-9CC4-92228CA94633}.UAT|Any CPU.Build.0 = Release|Any CPU
		{2CDDC8B1-208B-418C-9CC4-92228CA94633}.UAT|x64.ActiveCfg = Release|Any CPU
		{2CDDC8B1-208B-418C-9CC4-92228CA94633}.UAT|x64.Build.0 = Release|Any CPU
		{CDF1FA5E-5DDC-4310-92A1-762255E5AB85}.Debug|Any CPU.ActiveCfg = Debug|Any CPU
		{CDF1FA5E-5DDC-4310-92A1-762255E5AB85}.Debug|Any CPU.Build.0 = Debug|Any CPU
		{CDF1FA5E-5DDC-4310-92A1-762255E5AB85}.Debug|x64.ActiveCfg = Debug|Any CPU
		{CDF1FA5E-5DDC-4310-92A1-762255E5AB85}.Debug|x64.Build.0 = Debug|Any CPU
		{CDF1FA5E-5DDC-4310-92A1-762255E5AB85}.Nuget|Any CPU.ActiveCfg = Release|Any CPU
		{CDF1FA5E-5DDC-4310-92A1-762255E5AB85}.Nuget|Any CPU.Build.0 = Release|Any CPU
		{CDF1FA5E-5DDC-4310-92A1-762255E5AB85}.Nuget|x64.ActiveCfg = Release|Any CPU
		{CDF1FA5E-5DDC-4310-92A1-762255E5AB85}.Nuget|x64.Build.0 = Release|Any CPU
		{CDF1FA5E-5DDC-4310-92A1-762255E5AB85}.Release|Any CPU.ActiveCfg = Release|Any CPU
		{CDF1FA5E-5DDC-4310-92A1-762255E5AB85}.Release|Any CPU.Build.0 = Release|Any CPU
		{CDF1FA5E-5DDC-4310-92A1-762255E5AB85}.Release|x64.ActiveCfg = Release|Any CPU
		{CDF1FA5E-5DDC-4310-92A1-762255E5AB85}.Release|x64.Build.0 = Release|Any CPU
		{CDF1FA5E-5DDC-4310-92A1-762255E5AB85}.UAT|Any CPU.ActiveCfg = Release|Any CPU
		{CDF1FA5E-5DDC-4310-92A1-762255E5AB85}.UAT|Any CPU.Build.0 = Release|Any CPU
		{CDF1FA5E-5DDC-4310-92A1-762255E5AB85}.UAT|x64.ActiveCfg = Release|Any CPU
		{CDF1FA5E-5DDC-4310-92A1-762255E5AB85}.UAT|x64.Build.0 = Release|Any CPU
		{9B6F1648-D310-4744-B759-38B6AACA415B}.Debug|Any CPU.ActiveCfg = Debug|Any CPU
		{9B6F1648-D310-4744-B759-38B6AACA415B}.Debug|Any CPU.Build.0 = Debug|Any CPU
		{9B6F1648-D310-4744-B759-38B6AACA415B}.Debug|x64.ActiveCfg = Debug|Any CPU
		{9B6F1648-D310-4744-B759-38B6AACA415B}.Debug|x64.Build.0 = Debug|Any CPU
		{9B6F1648-D310-4744-B759-38B6AACA415B}.Nuget|Any CPU.ActiveCfg = Release|Any CPU
		{9B6F1648-D310-4744-B759-38B6AACA415B}.Nuget|Any CPU.Build.0 = Release|Any CPU
		{9B6F1648-D310-4744-B759-38B6AACA415B}.Nuget|x64.ActiveCfg = Release|Any CPU
		{9B6F1648-D310-4744-B759-38B6AACA415B}.Nuget|x64.Build.0 = Release|Any CPU
		{9B6F1648-D310-4744-B759-38B6AACA415B}.Release|Any CPU.ActiveCfg = Release|Any CPU
		{9B6F1648-D310-4744-B759-38B6AACA415B}.Release|Any CPU.Build.0 = Release|Any CPU
		{9B6F1648-D310-4744-B759-38B6AACA415B}.Release|x64.ActiveCfg = Release|Any CPU
		{9B6F1648-D310-4744-B759-38B6AACA415B}.Release|x64.Build.0 = Release|Any CPU
		{9B6F1648-D310-4744-B759-38B6AACA415B}.UAT|Any CPU.ActiveCfg = Release|Any CPU
		{9B6F1648-D310-4744-B759-38B6AACA415B}.UAT|Any CPU.Build.0 = Release|Any CPU
		{9B6F1648-D310-4744-B759-38B6AACA415B}.UAT|x64.ActiveCfg = Release|Any CPU
		{9B6F1648-D310-4744-B759-38B6AACA415B}.UAT|x64.Build.0 = Release|Any CPU
		{652B7AF9-F646-4BDB-93E4-92A27C3F1F2A}.Debug|Any CPU.ActiveCfg = Debug|Any CPU
		{652B7AF9-F646-4BDB-93E4-92A27C3F1F2A}.Debug|Any CPU.Build.0 = Debug|Any CPU
		{652B7AF9-F646-4BDB-93E4-92A27C3F1F2A}.Debug|x64.ActiveCfg = Debug|Any CPU
		{652B7AF9-F646-4BDB-93E4-92A27C3F1F2A}.Debug|x64.Build.0 = Debug|Any CPU
		{652B7AF9-F646-4BDB-93E4-92A27C3F1F2A}.Nuget|Any CPU.ActiveCfg = Release|Any CPU
		{652B7AF9-F646-4BDB-93E4-92A27C3F1F2A}.Nuget|Any CPU.Build.0 = Release|Any CPU
		{652B7AF9-F646-4BDB-93E4-92A27C3F1F2A}.Nuget|x64.ActiveCfg = Release|Any CPU
		{652B7AF9-F646-4BDB-93E4-92A27C3F1F2A}.Nuget|x64.Build.0 = Release|Any CPU
		{652B7AF9-F646-4BDB-93E4-92A27C3F1F2A}.Release|Any CPU.ActiveCfg = Release|Any CPU
		{652B7AF9-F646-4BDB-93E4-92A27C3F1F2A}.Release|Any CPU.Build.0 = Release|Any CPU
		{652B7AF9-F646-4BDB-93E4-92A27C3F1F2A}.Release|x64.ActiveCfg = Release|Any CPU
		{652B7AF9-F646-4BDB-93E4-92A27C3F1F2A}.Release|x64.Build.0 = Release|Any CPU
		{652B7AF9-F646-4BDB-93E4-92A27C3F1F2A}.UAT|Any CPU.ActiveCfg = Release|Any CPU
		{652B7AF9-F646-4BDB-93E4-92A27C3F1F2A}.UAT|Any CPU.Build.0 = Release|Any CPU
		{652B7AF9-F646-4BDB-93E4-92A27C3F1F2A}.UAT|x64.ActiveCfg = Release|Any CPU
		{652B7AF9-F646-4BDB-93E4-92A27C3F1F2A}.UAT|x64.Build.0 = Release|Any CPU
		{76ADDD2C-797E-49D2-8CD9-72FAD004BFCE}.Debug|Any CPU.ActiveCfg = Debug|Any CPU
		{76ADDD2C-797E-49D2-8CD9-72FAD004BFCE}.Debug|Any CPU.Build.0 = Debug|Any CPU
		{76ADDD2C-797E-49D2-8CD9-72FAD004BFCE}.Debug|x64.ActiveCfg = Debug|Any CPU
		{76ADDD2C-797E-49D2-8CD9-72FAD004BFCE}.Debug|x64.Build.0 = Debug|Any CPU
		{76ADDD2C-797E-49D2-8CD9-72FAD004BFCE}.Nuget|Any CPU.ActiveCfg = Release|Any CPU
		{76ADDD2C-797E-49D2-8CD9-72FAD004BFCE}.Nuget|Any CPU.Build.0 = Release|Any CPU
		{76ADDD2C-797E-49D2-8CD9-72FAD004BFCE}.Nuget|x64.ActiveCfg = Release|Any CPU
		{76ADDD2C-797E-49D2-8CD9-72FAD004BFCE}.Nuget|x64.Build.0 = Release|Any CPU
		{76ADDD2C-797E-49D2-8CD9-72FAD004BFCE}.Release|Any CPU.ActiveCfg = Release|Any CPU
		{76ADDD2C-797E-49D2-8CD9-72FAD004BFCE}.Release|Any CPU.Build.0 = Release|Any CPU
		{76ADDD2C-797E-49D2-8CD9-72FAD004BFCE}.Release|x64.ActiveCfg = Release|Any CPU
		{76ADDD2C-797E-49D2-8CD9-72FAD004BFCE}.Release|x64.Build.0 = Release|Any CPU
		{76ADDD2C-797E-49D2-8CD9-72FAD004BFCE}.UAT|Any CPU.ActiveCfg = Release|Any CPU
		{76ADDD2C-797E-49D2-8CD9-72FAD004BFCE}.UAT|Any CPU.Build.0 = Release|Any CPU
		{76ADDD2C-797E-49D2-8CD9-72FAD004BFCE}.UAT|x64.ActiveCfg = Release|Any CPU
		{76ADDD2C-797E-49D2-8CD9-72FAD004BFCE}.UAT|x64.Build.0 = Release|Any CPU
		{67208A0B-F69D-4C80-98BE-91C1C9A2A447}.Debug|Any CPU.ActiveCfg = Debug|Any CPU
		{67208A0B-F69D-4C80-98BE-91C1C9A2A447}.Debug|Any CPU.Build.0 = Debug|Any CPU
		{67208A0B-F69D-4C80-98BE-91C1C9A2A447}.Debug|x64.ActiveCfg = Debug|Any CPU
		{67208A0B-F69D-4C80-98BE-91C1C9A2A447}.Debug|x64.Build.0 = Debug|Any CPU
		{67208A0B-F69D-4C80-98BE-91C1C9A2A447}.Nuget|Any CPU.ActiveCfg = Release|Any CPU
		{67208A0B-F69D-4C80-98BE-91C1C9A2A447}.Nuget|Any CPU.Build.0 = Release|Any CPU
		{67208A0B-F69D-4C80-98BE-91C1C9A2A447}.Nuget|x64.ActiveCfg = Release|Any CPU
		{67208A0B-F69D-4C80-98BE-91C1C9A2A447}.Nuget|x64.Build.0 = Release|Any CPU
		{67208A0B-F69D-4C80-98BE-91C1C9A2A447}.Release|Any CPU.ActiveCfg = Release|Any CPU
		{67208A0B-F69D-4C80-98BE-91C1C9A2A447}.Release|Any CPU.Build.0 = Release|Any CPU
		{67208A0B-F69D-4C80-98BE-91C1C9A2A447}.Release|x64.ActiveCfg = Release|Any CPU
		{67208A0B-F69D-4C80-98BE-91C1C9A2A447}.Release|x64.Build.0 = Release|Any CPU
		{67208A0B-F69D-4C80-98BE-91C1C9A2A447}.UAT|Any CPU.ActiveCfg = Release|Any CPU
		{67208A0B-F69D-4C80-98BE-91C1C9A2A447}.UAT|Any CPU.Build.0 = Release|Any CPU
		{67208A0B-F69D-4C80-98BE-91C1C9A2A447}.UAT|x64.ActiveCfg = Release|Any CPU
		{67208A0B-F69D-4C80-98BE-91C1C9A2A447}.UAT|x64.Build.0 = Release|Any CPU
		{D7A93E24-4B48-4DF8-9E21-A4615A4BC6E2}.Debug|Any CPU.ActiveCfg = Debug|Any CPU
		{D7A93E24-4B48-4DF8-9E21-A4615A4BC6E2}.Debug|Any CPU.Build.0 = Debug|Any CPU
		{D7A93E24-4B48-4DF8-9E21-A4615A4BC6E2}.Debug|x64.ActiveCfg = Debug|Any CPU
		{D7A93E24-4B48-4DF8-9E21-A4615A4BC6E2}.Debug|x64.Build.0 = Debug|Any CPU
		{D7A93E24-4B48-4DF8-9E21-A4615A4BC6E2}.Nuget|Any CPU.ActiveCfg = Release|Any CPU
		{D7A93E24-4B48-4DF8-9E21-A4615A4BC6E2}.Nuget|Any CPU.Build.0 = Release|Any CPU
		{D7A93E24-4B48-4DF8-9E21-A4615A4BC6E2}.Nuget|x64.ActiveCfg = Release|Any CPU
		{D7A93E24-4B48-4DF8-9E21-A4615A4BC6E2}.Nuget|x64.Build.0 = Release|Any CPU
		{D7A93E24-4B48-4DF8-9E21-A4615A4BC6E2}.Release|Any CPU.ActiveCfg = Release|Any CPU
		{D7A93E24-4B48-4DF8-9E21-A4615A4BC6E2}.Release|Any CPU.Build.0 = Release|Any CPU
		{D7A93E24-4B48-4DF8-9E21-A4615A4BC6E2}.Release|x64.ActiveCfg = Release|Any CPU
		{D7A93E24-4B48-4DF8-9E21-A4615A4BC6E2}.Release|x64.Build.0 = Release|Any CPU
		{D7A93E24-4B48-4DF8-9E21-A4615A4BC6E2}.UAT|Any CPU.ActiveCfg = Release|Any CPU
		{D7A93E24-4B48-4DF8-9E21-A4615A4BC6E2}.UAT|Any CPU.Build.0 = Release|Any CPU
		{D7A93E24-4B48-4DF8-9E21-A4615A4BC6E2}.UAT|x64.ActiveCfg = Release|Any CPU
		{D7A93E24-4B48-4DF8-9E21-A4615A4BC6E2}.UAT|x64.Build.0 = Release|Any CPU
		{3A0ADA25-F094-45BD-882D-C65A1475349E}.Debug|Any CPU.ActiveCfg = Debug|Any CPU
		{3A0ADA25-F094-45BD-882D-C65A1475349E}.Debug|Any CPU.Build.0 = Debug|Any CPU
		{3A0ADA25-F094-45BD-882D-C65A1475349E}.Debug|x64.ActiveCfg = Debug|Any CPU
		{3A0ADA25-F094-45BD-882D-C65A1475349E}.Debug|x64.Build.0 = Debug|Any CPU
		{3A0ADA25-F094-45BD-882D-C65A1475349E}.Nuget|Any CPU.ActiveCfg = Nuget|Any CPU
		{3A0ADA25-F094-45BD-882D-C65A1475349E}.Nuget|Any CPU.Build.0 = Nuget|Any CPU
		{3A0ADA25-F094-45BD-882D-C65A1475349E}.Nuget|x64.ActiveCfg = Nuget|Any CPU
		{3A0ADA25-F094-45BD-882D-C65A1475349E}.Nuget|x64.Build.0 = Nuget|Any CPU
		{3A0ADA25-F094-45BD-882D-C65A1475349E}.Release|Any CPU.ActiveCfg = Release|Any CPU
		{3A0ADA25-F094-45BD-882D-C65A1475349E}.Release|Any CPU.Build.0 = Release|Any CPU
		{3A0ADA25-F094-45BD-882D-C65A1475349E}.Release|x64.ActiveCfg = Release|Any CPU
		{3A0ADA25-F094-45BD-882D-C65A1475349E}.Release|x64.Build.0 = Release|Any CPU
		{3A0ADA25-F094-45BD-882D-C65A1475349E}.UAT|Any CPU.ActiveCfg = UAT|Any CPU
		{3A0ADA25-F094-45BD-882D-C65A1475349E}.UAT|Any CPU.Build.0 = UAT|Any CPU
		{3A0ADA25-F094-45BD-882D-C65A1475349E}.UAT|x64.ActiveCfg = UAT|Any CPU
		{3A0ADA25-F094-45BD-882D-C65A1475349E}.UAT|x64.Build.0 = UAT|Any CPU
		{216D128A-EC02-4813-B758-D5EA6706D8F5}.Debug|Any CPU.ActiveCfg = Debug|Any CPU
		{216D128A-EC02-4813-B758-D5EA6706D8F5}.Debug|Any CPU.Build.0 = Debug|Any CPU
		{216D128A-EC02-4813-B758-D5EA6706D8F5}.Debug|x64.ActiveCfg = Debug|x64
		{216D128A-EC02-4813-B758-D5EA6706D8F5}.Debug|x64.Build.0 = Debug|x64
		{216D128A-EC02-4813-B758-D5EA6706D8F5}.Nuget|Any CPU.ActiveCfg = Release|Any CPU
		{216D128A-EC02-4813-B758-D5EA6706D8F5}.Nuget|Any CPU.Build.0 = Release|Any CPU
		{216D128A-EC02-4813-B758-D5EA6706D8F5}.Nuget|x64.ActiveCfg = Release|x64
		{216D128A-EC02-4813-B758-D5EA6706D8F5}.Nuget|x64.Build.0 = Release|x64
		{216D128A-EC02-4813-B758-D5EA6706D8F5}.Release|Any CPU.ActiveCfg = Release|Any CPU
		{216D128A-EC02-4813-B758-D5EA6706D8F5}.Release|Any CPU.Build.0 = Release|Any CPU
		{216D128A-EC02-4813-B758-D5EA6706D8F5}.Release|x64.ActiveCfg = Release|x64
		{216D128A-EC02-4813-B758-D5EA6706D8F5}.Release|x64.Build.0 = Release|x64
		{216D128A-EC02-4813-B758-D5EA6706D8F5}.UAT|Any CPU.ActiveCfg = Release|Any CPU
		{216D128A-EC02-4813-B758-D5EA6706D8F5}.UAT|Any CPU.Build.0 = Release|Any CPU
		{216D128A-EC02-4813-B758-D5EA6706D8F5}.UAT|x64.ActiveCfg = Release|x64
		{216D128A-EC02-4813-B758-D5EA6706D8F5}.UAT|x64.Build.0 = Release|x64
		{399ABBA0-CDF3-4B13-B30C-2D228E958996}.Debug|Any CPU.ActiveCfg = Debug|Any CPU
		{399ABBA0-CDF3-4B13-B30C-2D228E958996}.Debug|Any CPU.Build.0 = Debug|Any CPU
		{399ABBA0-CDF3-4B13-B30C-2D228E958996}.Debug|x64.ActiveCfg = Debug|Any CPU
		{399ABBA0-CDF3-4B13-B30C-2D228E958996}.Debug|x64.Build.0 = Debug|Any CPU
		{399ABBA0-CDF3-4B13-B30C-2D228E958996}.Nuget|Any CPU.ActiveCfg = Release|Any CPU
		{399ABBA0-CDF3-4B13-B30C-2D228E958996}.Nuget|Any CPU.Build.0 = Release|Any CPU
		{399ABBA0-CDF3-4B13-B30C-2D228E958996}.Nuget|x64.ActiveCfg = Release|Any CPU
		{399ABBA0-CDF3-4B13-B30C-2D228E958996}.Nuget|x64.Build.0 = Release|Any CPU
		{399ABBA0-CDF3-4B13-B30C-2D228E958996}.Release|Any CPU.ActiveCfg = Release|Any CPU
		{399ABBA0-CDF3-4B13-B30C-2D228E958996}.Release|Any CPU.Build.0 = Release|Any CPU
		{399ABBA0-CDF3-4B13-B30C-2D228E958996}.Release|x64.ActiveCfg = Release|Any CPU
		{399ABBA0-CDF3-4B13-B30C-2D228E958996}.Release|x64.Build.0 = Release|Any CPU
		{399ABBA0-CDF3-4B13-B30C-2D228E958996}.UAT|Any CPU.ActiveCfg = Release|Any CPU
		{399ABBA0-CDF3-4B13-B30C-2D228E958996}.UAT|Any CPU.Build.0 = Release|Any CPU
		{399ABBA0-CDF3-4B13-B30C-2D228E958996}.UAT|x64.ActiveCfg = Release|Any CPU
		{399ABBA0-CDF3-4B13-B30C-2D228E958996}.UAT|x64.Build.0 = Release|Any CPU
	EndGlobalSection
	GlobalSection(SolutionProperties) = preSolution
		HideSolutionNode = FALSE
	EndGlobalSection
	GlobalSection(NestedProjects) = preSolution
		{AFF517D2-7442-434B-A83C-E5391D4D4992} = {FEE88EB3-FFF5-4752-9A5A-A658659BC6DD}
		{89C63605-D95C-49D7-9D4E-57416B967380} = {FEE88EB3-FFF5-4752-9A5A-A658659BC6DD}
		{5D05594D-EB47-4677-8F77-3FFCF217B09F} = {9C54A884-FADD-4DF2-8A14-68488A7C6449}
		{71DCF49F-A561-4B48-BE79-F80F128EC04E} = {FEE88EB3-FFF5-4752-9A5A-A658659BC6DD}
		{2CDDC8B1-208B-418C-9CC4-92228CA94633} = {9C54A884-FADD-4DF2-8A14-68488A7C6449}
		{CDF1FA5E-5DDC-4310-92A1-762255E5AB85} = {FEE88EB3-FFF5-4752-9A5A-A658659BC6DD}
		{9B6F1648-D310-4744-B759-38B6AACA415B} = {FEE88EB3-FFF5-4752-9A5A-A658659BC6DD}
		{652B7AF9-F646-4BDB-93E4-92A27C3F1F2A} = {D185F395-8DF8-45BB-B0BC-6674ED7CAF08}
		{76ADDD2C-797E-49D2-8CD9-72FAD004BFCE} = {1303CC8F-1B97-4B9E-8A41-7E0C2B6D39C3}
		{67208A0B-F69D-4C80-98BE-91C1C9A2A447} = {D185F395-8DF8-45BB-B0BC-6674ED7CAF08}
		{D7A93E24-4B48-4DF8-9E21-A4615A4BC6E2} = {D185F395-8DF8-45BB-B0BC-6674ED7CAF08}
		{3A0ADA25-F094-45BD-882D-C65A1475349E} = {9C54A884-FADD-4DF2-8A14-68488A7C6449}
		{216D128A-EC02-4813-B758-D5EA6706D8F5} = {FEE88EB3-FFF5-4752-9A5A-A658659BC6DD}
		{399ABBA0-CDF3-4B13-B30C-2D228E958996} = {9C54A884-FADD-4DF2-8A14-68488A7C6449}
	EndGlobalSection
EndGlobal
