
Microsoft Visual Studio Solution File, Format Version 12.00
# Visual Studio 14
VisualStudioVersion = 14.0.24720.0
MinimumVisualStudioVersion = 10.0.40219.1
Project("{FAE04EC0-301F-11D3-BF4B-00C04F79EFBC}") = "PwC.C4.Infrastructure", "Core\PwC.C4.Infrastructure\PwC.C4.Infrastructure.csproj", "{AFF517D2-7442-434B-A83C-E5391D4D4992}"
EndProject
Project("{FAE04EC0-301F-11D3-BF4B-00C04F79EFBC}") = "PwC.C4.Membership", "Core\PwC.C4.Membership\PwC.C4.Membership.csproj", "{89C63605-D95C-49D7-9D4E-57416B967380}"
EndProject
Project("{FAE04EC0-301F-11D3-BF4B-00C04F79EFBC}") = "PwC.C4.Common", "Core\PwC.C4.Common\PwC.C4.Common.csproj", "{71DCF49F-A561-4B48-BE79-F80F128EC04E}"
EndProject
Project("{FAE04EC0-301F-11D3-BF4B-00C04F79EFBC}") = "PwC.C4.DataService", "Core\PwC.C4.DataService\PwC.C4.DataService.csproj", "{3F15B9FE-DCEE-4852-AD6A-356FC281D491}"
EndProject
Project("{FAE04EC0-301F-11D3-BF4B-00C04F79EFBC}") = "PwC.C4.Infrastructure.Logger", "Core\PwC.C4.Infrastructure.Logger\PwC.C4.Infrastructure.Logger.csproj", "{CDF1FA5E-5DDC-4310-92A1-762255E5AB85}"
EndProject
Project("{FAE04EC0-301F-11D3-BF4B-00C04F79EFBC}") = "PwC.C4.Infrastructure.Cache", "Core\PwC.C4.Infrastructure.Cache\PwC.C4.Infrastructure.Cache.csproj", "{9B6F1648-D310-4744-B759-38B6AACA415B}"
EndProject
Project("{FAE04EC0-301F-11D3-BF4B-00C04F79EFBC}") = "PwC.C4.ConnectionPool", "Core\PwC.C4.ConnectionPool\PwC.C4.ConnectionPool.csproj", "{216D128A-EC02-4813-B758-D5EA6706D8F5}"
EndProject
Global
	GlobalSection(SolutionConfigurationPlatforms) = preSolution
		Debug|Any CPU = Debug|Any CPU
		Debug|x64 = Debug|x64
		Nuget|Any CPU = Nuget|Any CPU
		Nuget|x64 = Nuget|x64
		Release|Any CPU = Release|Any CPU
		Release|x64 = Release|x64
		UAT|Any CPU = UAT|Any CPU
		UAT|x64 = UAT|x64
	EndGlobalSection
	GlobalSection(ProjectConfigurationPlatforms) = postSolution
		{AFF517D2-7442-434B-A83C-E5391D4D4992}.Debug|Any CPU.ActiveCfg = Debug|Any CPU
		{AFF517D2-7442-434B-A83C-E5391D4D4992}.Debug|Any CPU.Build.0 = Debug|Any CPU
		{AFF517D2-7442-434B-A83C-E5391D4D4992}.Debug|x64.ActiveCfg = Debug|Any CPU
		{AFF517D2-7442-434B-A83C-E5391D4D4992}.Debug|x64.Build.0 = Debug|Any CPU
		{AFF517D2-7442-434B-A83C-E5391D4D4992}.Nuget|Any CPU.ActiveCfg = Nuget|Any CPU
		{AFF517D2-7442-434B-A83C-E5391D4D4992}.Nuget|Any CPU.Build.0 = Nuget|Any CPU
		{AFF517D2-7442-434B-A83C-E5391D4D4992}.Nuget|x64.ActiveCfg = Nuget|Any CPU
		{AFF517D2-7442-434B-A83C-E5391D4D4992}.Nuget|x64.Build.0 = Nuget|Any CPU
		{AFF517D2-7442-434B-A83C-E5391D4D4992}.Release|Any CPU.ActiveCfg = Release|Any CPU
		{AFF517D2-7442-434B-A83C-E5391D4D4992}.Release|Any CPU.Build.0 = Release|Any CPU
		{AFF517D2-7442-434B-A83C-E5391D4D4992}.Release|x64.ActiveCfg = Release|Any CPU
		{AFF517D2-7442-434B-A83C-E5391D4D4992}.Release|x64.Build.0 = Release|Any CPU
		{AFF517D2-7442-434B-A83C-E5391D4D4992}.UAT|Any CPU.ActiveCfg = Release|Any CPU
		{AFF517D2-7442-434B-A83C-E5391D4D4992}.UAT|Any CPU.Build.0 = Release|Any CPU
		{AFF517D2-7442-434B-A83C-E5391D4D4992}.UAT|x64.ActiveCfg = Release|Any CPU
		{AFF517D2-7442-434B-A83C-E5391D4D4992}.UAT|x64.Build.0 = Release|Any CPU
		{89C63605-D95C-49D7-9D4E-57416B967380}.Debug|Any CPU.ActiveCfg = Debug|Any CPU
		{89C63605-D95C-49D7-9D4E-57416B967380}.Debug|Any CPU.Build.0 = Debug|Any CPU
		{89C63605-D95C-49D7-9D4E-57416B967380}.Debug|x64.ActiveCfg = Debug|Any CPU
		{89C63605-D95C-49D7-9D4E-57416B967380}.Debug|x64.Build.0 = Debug|Any CPU
		{89C63605-D95C-49D7-9D4E-57416B967380}.Nuget|Any CPU.ActiveCfg = Nuget|Any CPU
		{89C63605-D95C-49D7-9D4E-57416B967380}.Nuget|Any CPU.Build.0 = Nuget|Any CPU
		{89C63605-D95C-49D7-9D4E-57416B967380}.Nuget|x64.ActiveCfg = Nuget|Any CPU
		{89C63605-D95C-49D7-9D4E-57416B967380}.Nuget|x64.Build.0 = Nuget|Any CPU
		{89C63605-D95C-49D7-9D4E-57416B967380}.Release|Any CPU.ActiveCfg = Release|Any CPU
		{89C63605-D95C-49D7-9D4E-57416B967380}.Release|Any CPU.Build.0 = Release|Any CPU
		{89C63605-D95C-49D7-9D4E-57416B967380}.Release|x64.ActiveCfg = Release|Any CPU
		{89C63605-D95C-49D7-9D4E-57416B967380}.Release|x64.Build.0 = Release|Any CPU
		{89C63605-D95C-49D7-9D4E-57416B967380}.UAT|Any CPU.ActiveCfg = Release|Any CPU
		{89C63605-D95C-49D7-9D4E-57416B967380}.UAT|Any CPU.Build.0 = Release|Any CPU
		{89C63605-D95C-49D7-9D4E-57416B967380}.UAT|x64.ActiveCfg = Release|Any CPU
		{89C63605-D95C-49D7-9D4E-57416B967380}.UAT|x64.Build.0 = Release|Any CPU
		{71DCF49F-A561-4B48-BE79-F80F128EC04E}.Debug|Any CPU.ActiveCfg = Debug|Any CPU
		{71DCF49F-A561-4B48-BE79-F80F128EC04E}.Debug|Any CPU.Build.0 = Debug|Any CPU
		{71DCF49F-A561-4B48-BE79-F80F128EC04E}.Debug|x64.ActiveCfg = Debug|Any CPU
		{71DCF49F-A561-4B48-BE79-F80F128EC04E}.Debug|x64.Build.0 = Debug|Any CPU
		{71DCF49F-A561-4B48-BE79-F80F128EC04E}.Nuget|Any CPU.ActiveCfg = Nuget|Any CPU
		{71DCF49F-A561-4B48-BE79-F80F128EC04E}.Nuget|Any CPU.Build.0 = Nuget|Any CPU
		{71DCF49F-A561-4B48-BE79-F80F128EC04E}.Nuget|x64.ActiveCfg = Nuget|Any CPU
		{71DCF49F-A561-4B48-BE79-F80F128EC04E}.Nuget|x64.Build.0 = Nuget|Any CPU
		{71DCF49F-A561-4B48-BE79-F80F128EC04E}.Release|Any CPU.ActiveCfg = Release|Any CPU
		{71DCF49F-A561-4B48-BE79-F80F128EC04E}.Release|Any CPU.Build.0 = Release|Any CPU
		{71DCF49F-A561-4B48-BE79-F80F128EC04E}.Release|x64.ActiveCfg = Release|Any CPU
		{71DCF49F-A561-4B48-BE79-F80F128EC04E}.Release|x64.Build.0 = Release|Any CPU
		{71DCF49F-A561-4B48-BE79-F80F128EC04E}.UAT|Any CPU.ActiveCfg = Release|Any CPU
		{71DCF49F-A561-4B48-BE79-F80F128EC04E}.UAT|Any CPU.Build.0 = Release|Any CPU
		{71DCF49F-A561-4B48-BE79-F80F128EC04E}.UAT|x64.ActiveCfg = Release|Any CPU
		{71DCF49F-A561-4B48-BE79-F80F128EC04E}.UAT|x64.Build.0 = Release|Any CPU
		{3F15B9FE-DCEE-4852-AD6A-356FC281D491}.Debug|Any CPU.ActiveCfg = Debug|Any CPU
		{3F15B9FE-DCEE-4852-AD6A-356FC281D491}.Debug|Any CPU.Build.0 = Debug|Any CPU
		{3F15B9FE-DCEE-4852-AD6A-356FC281D491}.Debug|x64.ActiveCfg = Debug|Any CPU
		{3F15B9FE-DCEE-4852-AD6A-356FC281D491}.Debug|x64.Build.0 = Debug|Any CPU
		{3F15B9FE-DCEE-4852-AD6A-356FC281D491}.Nuget|Any CPU.ActiveCfg = Release|Any CPU
		{3F15B9FE-DCEE-4852-AD6A-356FC281D491}.Nuget|Any CPU.Build.0 = Release|Any CPU
		{3F15B9FE-DCEE-4852-AD6A-356FC281D491}.Nuget|x64.ActiveCfg = Home|Any CPU
		{3F15B9FE-DCEE-4852-AD6A-356FC281D491}.Nuget|x64.Build.0 = Home|Any CPU
		{3F15B9FE-DCEE-4852-AD6A-356FC281D491}.Release|Any CPU.ActiveCfg = Release|Any CPU
		{3F15B9FE-DCEE-4852-AD6A-356FC281D491}.Release|Any CPU.Build.0 = Release|Any CPU
		{3F15B9FE-DCEE-4852-AD6A-356FC281D491}.Release|x64.ActiveCfg = Release|Any CPU
		{3F15B9FE-DCEE-4852-AD6A-356FC281D491}.Release|x64.Build.0 = Release|Any CPU
		{3F15B9FE-DCEE-4852-AD6A-356FC281D491}.UAT|Any CPU.ActiveCfg = Release|Any CPU
		{3F15B9FE-DCEE-4852-AD6A-356FC281D491}.UAT|Any CPU.Build.0 = Release|Any CPU
		{3F15B9FE-DCEE-4852-AD6A-356FC281D491}.UAT|x64.ActiveCfg = Home|Any CPU
		{3F15B9FE-DCEE-4852-AD6A-356FC281D491}.UAT|x64.Build.0 = Home|Any CPU
		{CDF1FA5E-5DDC-4310-92A1-762255E5AB85}.Debug|Any CPU.ActiveCfg = Debug|Any CPU
		{CDF1FA5E-5DDC-4310-92A1-762255E5AB85}.Debug|Any CPU.Build.0 = Debug|Any CPU
		{CDF1FA5E-5DDC-4310-92A1-762255E5AB85}.Debug|x64.ActiveCfg = Debug|Any CPU
		{CDF1FA5E-5DDC-4310-92A1-762255E5AB85}.Debug|x64.Build.0 = Debug|Any CPU
		{CDF1FA5E-5DDC-4310-92A1-762255E5AB85}.Nuget|Any CPU.ActiveCfg = Release|Any CPU
		{CDF1FA5E-5DDC-4310-92A1-762255E5AB85}.Nuget|Any CPU.Build.0 = Release|Any CPU
		{CDF1FA5E-5DDC-4310-92A1-762255E5AB85}.Nuget|x64.ActiveCfg = Release|Any CPU
		{CDF1FA5E-5DDC-4310-92A1-762255E5AB85}.Nuget|x64.Build.0 = Release|Any CPU
		{CDF1FA5E-5DDC-4310-92A1-762255E5AB85}.Release|Any CPU.ActiveCfg = Release|Any CPU
		{CDF1FA5E-5DDC-4310-92A1-762255E5AB85}.Release|Any CPU.Build.0 = Release|Any CPU
		{CDF1FA5E-5DDC-4310-92A1-762255E5AB85}.Release|x64.ActiveCfg = Release|Any CPU
		{CDF1FA5E-5DDC-4310-92A1-762255E5AB85}.Release|x64.Build.0 = Release|Any CPU
		{CDF1FA5E-5DDC-4310-92A1-762255E5AB85}.UAT|Any CPU.ActiveCfg = Release|Any CPU
		{CDF1FA5E-5DDC-4310-92A1-762255E5AB85}.UAT|Any CPU.Build.0 = Release|Any CPU
		{CDF1FA5E-5DDC-4310-92A1-762255E5AB85}.UAT|x64.ActiveCfg = Release|Any CPU
		{CDF1FA5E-5DDC-4310-92A1-762255E5AB85}.UAT|x64.Build.0 = Release|Any CPU
		{9B6F1648-D310-4744-B759-38B6AACA415B}.Debug|Any CPU.ActiveCfg = Debug|Any CPU
		{9B6F1648-D310-4744-B759-38B6AACA415B}.Debug|Any CPU.Build.0 = Debug|Any CPU
		{9B6F1648-D310-4744-B759-38B6AACA415B}.Debug|x64.ActiveCfg = Debug|Any CPU
		{9B6F1648-D310-4744-B759-38B6AACA415B}.Debug|x64.Build.0 = Debug|Any CPU
		{9B6F1648-D310-4744-B759-38B6AACA415B}.Nuget|Any CPU.ActiveCfg = Release|Any CPU
		{9B6F1648-D310-4744-B759-38B6AACA415B}.Nuget|Any CPU.Build.0 = Release|Any CPU
		{9B6F1648-D310-4744-B759-38B6AACA415B}.Nuget|x64.ActiveCfg = Release|Any CPU
		{9B6F1648-D310-4744-B759-38B6AACA415B}.Nuget|x64.Build.0 = Release|Any CPU
		{9B6F1648-D310-4744-B759-38B6AACA415B}.Release|Any CPU.ActiveCfg = Release|Any CPU
		{9B6F1648-D310-4744-B759-38B6AACA415B}.Release|Any CPU.Build.0 = Release|Any CPU
		{9B6F1648-D310-4744-B759-38B6AACA415B}.Release|x64.ActiveCfg = Release|Any CPU
		{9B6F1648-D310-4744-B759-38B6AACA415B}.Release|x64.Build.0 = Release|Any CPU
		{9B6F1648-D310-4744-B759-38B6AACA415B}.UAT|Any CPU.ActiveCfg = Release|Any CPU
		{9B6F1648-D310-4744-B759-38B6AACA415B}.UAT|Any CPU.Build.0 = Release|Any CPU
		{9B6F1648-D310-4744-B759-38B6AACA415B}.UAT|x64.ActiveCfg = Release|Any CPU
		{9B6F1648-D310-4744-B759-38B6AACA415B}.UAT|x64.Build.0 = Release|Any CPU
		{216D128A-EC02-4813-B758-D5EA6706D8F5}.Debug|Any CPU.ActiveCfg = Debug|Any CPU
		{216D128A-EC02-4813-B758-D5EA6706D8F5}.Debug|Any CPU.Build.0 = Debug|Any CPU
		{216D128A-EC02-4813-B758-D5EA6706D8F5}.Debug|x64.ActiveCfg = Debug|x64
		{216D128A-EC02-4813-B758-D5EA6706D8F5}.Debug|x64.Build.0 = Debug|x64
		{216D128A-EC02-4813-B758-D5EA6706D8F5}.Nuget|Any CPU.ActiveCfg = Release|Any CPU
		{216D128A-EC02-4813-B758-D5EA6706D8F5}.Nuget|Any CPU.Build.0 = Release|Any CPU
		{216D128A-EC02-4813-B758-D5EA6706D8F5}.Nuget|x64.ActiveCfg = Release|x64
		{216D128A-EC02-4813-B758-D5EA6706D8F5}.Nuget|x64.Build.0 = Release|x64
		{216D128A-EC02-4813-B758-D5EA6706D8F5}.Release|Any CPU.ActiveCfg = Release|Any CPU
		{216D128A-EC02-4813-B758-D5EA6706D8F5}.Release|Any CPU.Build.0 = Release|Any CPU
		{216D128A-EC02-4813-B758-D5EA6706D8F5}.Release|x64.ActiveCfg = Release|x64
		{216D128A-EC02-4813-B758-D5EA6706D8F5}.Release|x64.Build.0 = Release|x64
		{216D128A-EC02-4813-B758-D5EA6706D8F5}.UAT|Any CPU.ActiveCfg = Release|Any CPU
		{216D128A-EC02-4813-B758-D5EA6706D8F5}.UAT|Any CPU.Build.0 = Release|Any CPU
		{216D128A-EC02-4813-B758-D5EA6706D8F5}.UAT|x64.ActiveCfg = Release|x64
		{216D128A-EC02-4813-B758-D5EA6706D8F5}.UAT|x64.Build.0 = Release|x64
	EndGlobalSection
	GlobalSection(SolutionProperties) = preSolution
		HideSolutionNode = FALSE
	EndGlobalSection
EndGlobal
