
Microsoft Visual Studio Solution File, Format Version 12.00
# Visual Studio 14
VisualStudioVersion = 14.0.23107.0
MinimumVisualStudioVersion = 10.0.40219.1
Project("{FAE04EC0-301F-11D3-BF4B-00C04F79EFBC}") = "PwC.C4.Infrastructure", "Core\PwC.C4.Infrastructure\PwC.C4.Infrastructure.csproj", "{AFF517D2-7442-434B-A83C-E5391D4D4992}"
EndProject
Project("{FAE04EC0-301F-11D3-BF4B-00C04F79EFBC}") = "PwC.C4.Membership", "Core\PwC.C4.Membership\PwC.C4.Membership.csproj", "{89C63605-D95C-49D7-9D4E-57416B967380}"
EndProject
Project("{2150E333-8FDC-42A3-9474-1A3956D46DE8}") = "Core", "Core", "{FEE88EB3-FFF5-4752-9A5A-A658659BC6DD}"
EndProject
Project("{FAE04EC0-301F-11D3-BF4B-00C04F79EFBC}") = "PwC.C4.Metadata", "Metadata\PwC.C4.Metadata\PwC.C4.Metadata.csproj", "{5D05594D-EB47-4677-8F77-3FFCF217B09F}"
EndProject
Project("{FAE04EC0-301F-11D3-BF4B-00C04F79EFBC}") = "PwC.C4.Common", "Core\PwC.C4.Common\PwC.C4.Common.csproj", "{71DCF49F-A561-4B48-BE79-F80F128EC04E}"
EndProject
Project("{FAE04EC0-301F-11D3-BF4B-00C04F79EFBC}") = "PwC.C4.Metadata.Storage", "Metadata\PwC.C4.Metadata.Storage\PwC.C4.Metadata.Storage.csproj", "{2CDDC8B1-208B-418C-9CC4-92228CA94633}"
EndProject
Project("{FAE04EC0-301F-11D3-BF4B-00C04F79EFBC}") = "PwC.C4.DataService", "Core\PwC.C4.DataService\PwC.C4.DataService.csproj", "{3F15B9FE-DCEE-4852-AD6A-356FC281D491}"
EndProject
Project("{FAE04EC0-301F-11D3-BF4B-00C04F79EFBC}") = "PwC.C4.Infrastructure.Logger", "Core\PwC.C4.Infrastructure.Logger\PwC.C4.Infrastructure.Logger.csproj", "{CDF1FA5E-5DDC-4310-92A1-762255E5AB85}"
EndProject
Project("{2150E333-8FDC-42A3-9474-1A3956D46DE8}") = "Maintance", "Maintance", "{1B5A8501-285A-429A-B0A0-B22190C0022C}"
EndProject
Project("{FAE04EC0-301F-11D3-BF4B-00C04F79EFBC}") = "PwC.C4.Infrastructure.Cache", "Core\PwC.C4.Infrastructure.Cache\PwC.C4.Infrastructure.Cache.csproj", "{9B6F1648-D310-4744-B759-38B6AACA415B}"
EndProject
Project("{2150E333-8FDC-42A3-9474-1A3956D46DE8}") = "Dfs", "Dfs", "{D185F395-8DF8-45BB-B0BC-6674ED7CAF08}"
EndProject
Project("{FAE04EC0-301F-11D3-BF4B-00C04F79EFBC}") = "PwC.C4.Dfs.Web", "Dfs\PwC.C4.Dfs.Web\PwC.C4.Dfs.Web.csproj", "{A885882D-3E55-445C-B68B-B05C3787DC0F}"
EndProject
Project("{FAE04EC0-301F-11D3-BF4B-00C04F79EFBC}") = "PwC.C4.NugetServer", "Maintance\PwC.C4.NugetServer\PwC.C4.NugetServer.csproj", "{48A18773-C87A-4D0F-9506-1F41C18A4A20}"
EndProject
Project("{FAE04EC0-301F-11D3-BF4B-00C04F79EFBC}") = "PwC.C4.Dfs.Client", "Dfs\PwC.C4.Dfs.Client\PwC.C4.Dfs.Client.csproj", "{652B7AF9-F646-4BDB-93E4-92A27C3F1F2A}"
EndProject
Project("{2150E333-8FDC-42A3-9474-1A3956D46DE8}") = "Configuration", "Configuration", "{1303CC8F-1B97-4B9E-8A41-7E0C2B6D39C3}"
EndProject
Project("{FAE04EC0-301F-11D3-BF4B-00C04F79EFBC}") = "PwC.C4.Configuration", "Configuration\PwC.C4.Configuration\PwC.C4.Configuration.csproj", "{76ADDD2C-797E-49D2-8CD9-72FAD004BFCE}"
EndProject
Project("{FAE04EC0-301F-11D3-BF4B-00C04F79EFBC}") = "PwC.C4.Configuration.Messager", "Configuration\PwC.C4.Configuration.Messager\PwC.C4.Configuration.Messager.csproj", "{18D75357-FDC4-4DAA-95EC-AE64EC65928F}"
EndProject
Project("{FAE04EC0-301F-11D3-BF4B-00C04F79EFBC}") = "PwC.C4.Dfs.ReceiveService", "Dfs\PwC.C4.Dfs.ReceiveService\PwC.C4.Dfs.ReceiveService.csproj", "{FD84B2BA-D740-4E98-8604-5BE98B080F5B}"
EndProject
Project("{FAE04EC0-301F-11D3-BF4B-00C04F79EFBC}") = "PwC.C4.Dfs.Common", "Dfs\PwC.C4.Dfs.Common\PwC.C4.Dfs.Common.csproj", "{67208A0B-F69D-4C80-98BE-91C1C9A2A447}"
EndProject
Project("{2150E333-8FDC-42A3-9474-1A3956D46DE8}") = "Testing", "Testing", "{743D65F1-75F6-4D1C-8828-BEBCE375A6B5}"
EndProject
Project("{FAE04EC0-301F-11D3-BF4B-00C04F79EFBC}") = "PwC.C4.Testing.Core", "Testing\PwC.C4.Testing.Core\PwC.C4.Testing.Core.csproj", "{55470E98-FCEF-4CCE-B39D-EE2C1DA95E07}"
EndProject
Project("{FAE04EC0-301F-11D3-BF4B-00C04F79EFBC}") = "PwC.C4.Testing.Dfs.ClientInstance", "Testing\PwC.C4.Testing.Dfs.ClientInstance\PwC.C4.Testing.Dfs.ClientInstance.csproj", "{F8D1C67D-A31D-4E16-B831-14180316AA67}"
EndProject
Project("{FAE04EC0-301F-11D3-BF4B-00C04F79EFBC}") = "PwC.C4.Testing.Dfs.ServiceInstance", "Testing\PwC.C4.Testing.Dfs.ServiceInstance\PwC.C4.Testing.Dfs.ServiceInstance.csproj", "{6878E131-1103-41D5-B989-8B8B4765C223}"
EndProject
Project("{FAE04EC0-301F-11D3-BF4B-00C04F79EFBC}") = "PwC.C4.Testing.Labs.Web", "Testing\PwC.C4.Testing.Labs.Web\PwC.C4.Testing.Labs.Web.csproj", "{D2CBB737-ACAE-491A-8A20-A219B74F1BE4}"
	ProjectSection(ProjectDependencies) = postProject
		{3F15B9FE-DCEE-4852-AD6A-356FC281D491} = {3F15B9FE-DCEE-4852-AD6A-356FC281D491}
	EndProjectSection
EndProject
Project("{FAE04EC0-301F-11D3-BF4B-00C04F79EFBC}") = "PwC.C4.Dfs.ConvertService", "Dfs\PwC.C4.Dfs.ConvertService\PwC.C4.Dfs.ConvertService.csproj", "{EB9FB08F-1E66-434C-950D-76B705A42ACF}"
EndProject
Project("{FAE04EC0-301F-11D3-BF4B-00C04F79EFBC}") = "PwC.C4.Dfs.Converter", "Dfs\PwC.C4.Dfs.Converter\PwC.C4.Dfs.Converter.csproj", "{D7A93E24-4B48-4DF8-9E21-A4615A4BC6E2}"
EndProject
Project("{FAE04EC0-301F-11D3-BF4B-00C04F79EFBC}") = "PwC.C4.Testing.Dfs.ConverterInstance", "Testing\PwC.C4.Testing.Dfs.ConverterInstance\PwC.C4.Testing.Dfs.ConverterInstance.csproj", "{35DCC363-176A-4658-A111-AE622EB71110}"
EndProject
Project("{2150E333-8FDC-42A3-9474-1A3956D46DE8}") = "Tools", "Tools", "{010B8F01-B7EE-4152-9B84-5B58ACA2067D}"
EndProject
Project("{FAE04EC0-301F-11D3-BF4B-00C04F79EFBC}") = "PwC.C4.Tools.ServiceDiagnostic", "Tools\PwC.C4.Tools.ServiceDiagnostic\PwC.C4.Tools.ServiceDiagnostic.csproj", "{C8BD9312-EB29-47CB-B577-F9879EA0BAAD}"
EndProject
Project("{2150E333-8FDC-42A3-9474-1A3956D46DE8}") = "Web", "Web", "{3BE88DA7-7FB8-4FCE-ABBE-D8D4B65DAA80}"
EndProject
Project("{FAE04EC0-301F-11D3-BF4B-00C04F79EFBC}") = "PwC.C4.Testing.Console", "Testing\PwC.C4.Testing.Console\PwC.C4.Testing.Console.csproj", "{1A9AF7C2-5744-427B-95BE-E3B0278E4E13}"
EndProject
Project("{FAE04EC0-301F-11D3-BF4B-00C04F79EFBC}") = "PwC.C4.Web.ApiHelper", "Web\PwC.C4.Web.ApiHelper\PwC.C4.Web.ApiHelper.csproj", "{E67EA685-CE3A-44B7-8E3A-A5E0C84444AA}"
EndProject
Project("{FAE04EC0-301F-11D3-BF4B-00C04F79EFBC}") = "PwC.C4.TemplateEngine", "Metadata\PwC.C4.TemplateEngine\PwC.C4.TemplateEngine.csproj", "{3A0ADA25-F094-45BD-882D-C65A1475349E}"
EndProject
Project("{2150E333-8FDC-42A3-9474-1A3956D46DE8}") = "Metadata", "Metadata", "{70F2A40A-32D4-43DA-9397-92E7631FC124}"
EndProject
Project("{FAE04EC0-301F-11D3-BF4B-00C04F79EFBC}") = "PwC.C4.Metadata.Search", "Metadata\PwC.C4.Metadata.Search\PwC.C4.Metadata.Search.csproj", "{399ABBA0-CDF3-4B13-B30C-2D228E958996}"
EndProject
Project("{FAE04EC0-301F-11D3-BF4B-00C04F79EFBC}") = "PwC.C4.Rush", "Web\PwC.C4.Rush\PwC.C4.Rush.csproj", "{06F56A1C-B17F-407D-AD85-3A1333954EC8}"
EndProject
Project("{FAE04EC0-301F-11D3-BF4B-00C04F79EFBC}") = "PwC.C4.Rush.WcfService", "Web\PwC.C4.Rush.WcfService\PwC.C4.Rush.WcfService.csproj", "{8168FFD0-516A-4299-A507-4EBA4752BA6D}"
EndProject
Project("{FAE04EC0-301F-11D3-BF4B-00C04F79EFBC}") = "PwC.C4.Testing.Metadata", "Testing\PwC.C4.Testing.Metadata\PwC.C4.Testing.Metadata.csproj", "{EB331A4F-5AA3-4434-BA88-F51367AE34EB}"
EndProject
Global
	GlobalSection(SolutionConfigurationPlatforms) = preSolution
		Debug|Any CPU = Debug|Any CPU
		Nuget|Any CPU = Nuget|Any CPU
		Release|Any CPU = Release|Any CPU
		UAT|Any CPU = UAT|Any CPU
	EndGlobalSection
	GlobalSection(ProjectConfigurationPlatforms) = postSolution
		{AFF517D2-7442-434B-A83C-E5391D4D4992}.Debug|Any CPU.ActiveCfg = Debug|Any CPU
		{AFF517D2-7442-434B-A83C-E5391D4D4992}.Debug|Any CPU.Build.0 = Debug|Any CPU
		{AFF517D2-7442-434B-A83C-E5391D4D4992}.Nuget|Any CPU.ActiveCfg = Nuget|Any CPU
		{AFF517D2-7442-434B-A83C-E5391D4D4992}.Nuget|Any CPU.Build.0 = Nuget|Any CPU
		{AFF517D2-7442-434B-A83C-E5391D4D4992}.Release|Any CPU.ActiveCfg = Release|Any CPU
		{AFF517D2-7442-434B-A83C-E5391D4D4992}.Release|Any CPU.Build.0 = Release|Any CPU
		{AFF517D2-7442-434B-A83C-E5391D4D4992}.UAT|Any CPU.ActiveCfg = Release|Any CPU
		{AFF517D2-7442-434B-A83C-E5391D4D4992}.UAT|Any CPU.Build.0 = Release|Any CPU
		{89C63605-D95C-49D7-9D4E-57416B967380}.Debug|Any CPU.ActiveCfg = Debug|Any CPU
		{89C63605-D95C-49D7-9D4E-57416B967380}.Debug|Any CPU.Build.0 = Debug|Any CPU
		{89C63605-D95C-49D7-9D4E-57416B967380}.Nuget|Any CPU.ActiveCfg = Nuget|Any CPU
		{89C63605-D95C-49D7-9D4E-57416B967380}.Nuget|Any CPU.Build.0 = Nuget|Any CPU
		{89C63605-D95C-49D7-9D4E-57416B967380}.Release|Any CPU.ActiveCfg = Release|Any CPU
		{89C63605-D95C-49D7-9D4E-57416B967380}.Release|Any CPU.Build.0 = Release|Any CPU
		{89C63605-D95C-49D7-9D4E-57416B967380}.UAT|Any CPU.ActiveCfg = Release|Any CPU
		{89C63605-D95C-49D7-9D4E-57416B967380}.UAT|Any CPU.Build.0 = Release|Any CPU
		{5D05594D-EB47-4677-8F77-3FFCF217B09F}.Debug|Any CPU.ActiveCfg = Debug|Any CPU
		{5D05594D-EB47-4677-8F77-3FFCF217B09F}.Debug|Any CPU.Build.0 = Debug|Any CPU
		{5D05594D-EB47-4677-8F77-3FFCF217B09F}.Nuget|Any CPU.ActiveCfg = Nuget|Any CPU
		{5D05594D-EB47-4677-8F77-3FFCF217B09F}.Nuget|Any CPU.Build.0 = Nuget|Any CPU
		{5D05594D-EB47-4677-8F77-3FFCF217B09F}.Release|Any CPU.ActiveCfg = Release|Any CPU
		{5D05594D-EB47-4677-8F77-3FFCF217B09F}.Release|Any CPU.Build.0 = Release|Any CPU
		{5D05594D-EB47-4677-8F77-3FFCF217B09F}.UAT|Any CPU.ActiveCfg = Release|Any CPU
		{5D05594D-EB47-4677-8F77-3FFCF217B09F}.UAT|Any CPU.Build.0 = Release|Any CPU
		{71DCF49F-A561-4B48-BE79-F80F128EC04E}.Debug|Any CPU.ActiveCfg = Debug|Any CPU
		{71DCF49F-A561-4B48-BE79-F80F128EC04E}.Debug|Any CPU.Build.0 = Debug|Any CPU
		{71DCF49F-A561-4B48-BE79-F80F128EC04E}.Nuget|Any CPU.ActiveCfg = Nuget|Any CPU
		{71DCF49F-A561-4B48-BE79-F80F128EC04E}.Nuget|Any CPU.Build.0 = Nuget|Any CPU
		{71DCF49F-A561-4B48-BE79-F80F128EC04E}.Release|Any CPU.ActiveCfg = Release|Any CPU
		{71DCF49F-A561-4B48-BE79-F80F128EC04E}.Release|Any CPU.Build.0 = Release|Any CPU
		{71DCF49F-A561-4B48-BE79-F80F128EC04E}.UAT|Any CPU.ActiveCfg = Release|Any CPU
		{71DCF49F-A561-4B48-BE79-F80F128EC04E}.UAT|Any CPU.Build.0 = Release|Any CPU
		{2CDDC8B1-208B-418C-9CC4-92228CA94633}.Debug|Any CPU.ActiveCfg = Debug|Any CPU
		{2CDDC8B1-208B-418C-9CC4-92228CA94633}.Debug|Any CPU.Build.0 = Debug|Any CPU
		{2CDDC8B1-208B-418C-9CC4-92228CA94633}.Nuget|Any CPU.ActiveCfg = Release|Any CPU
		{2CDDC8B1-208B-418C-9CC4-92228CA94633}.Nuget|Any CPU.Build.0 = Release|Any CPU
		{2CDDC8B1-208B-418C-9CC4-92228CA94633}.Release|Any CPU.ActiveCfg = Release|Any CPU
		{2CDDC8B1-208B-418C-9CC4-92228CA94633}.Release|Any CPU.Build.0 = Release|Any CPU
		{2CDDC8B1-208B-418C-9CC4-92228CA94633}.UAT|Any CPU.ActiveCfg = Release|Any CPU
		{2CDDC8B1-208B-418C-9CC4-92228CA94633}.UAT|Any CPU.Build.0 = Release|Any CPU
		{3F15B9FE-DCEE-4852-AD6A-356FC281D491}.Debug|Any CPU.ActiveCfg = Debug|Any CPU
		{3F15B9FE-DCEE-4852-AD6A-356FC281D491}.Debug|Any CPU.Build.0 = Debug|Any CPU
		{3F15B9FE-DCEE-4852-AD6A-356FC281D491}.Nuget|Any CPU.ActiveCfg = Release|Any CPU
		{3F15B9FE-DCEE-4852-AD6A-356FC281D491}.Nuget|Any CPU.Build.0 = Release|Any CPU
		{3F15B9FE-DCEE-4852-AD6A-356FC281D491}.Release|Any CPU.ActiveCfg = Release|Any CPU
		{3F15B9FE-DCEE-4852-AD6A-356FC281D491}.Release|Any CPU.Build.0 = Release|Any CPU
		{3F15B9FE-DCEE-4852-AD6A-356FC281D491}.UAT|Any CPU.ActiveCfg = Release|Any CPU
		{3F15B9FE-DCEE-4852-AD6A-356FC281D491}.UAT|Any CPU.Build.0 = Release|Any CPU
		{CDF1FA5E-5DDC-4310-92A1-762255E5AB85}.Debug|Any CPU.ActiveCfg = Debug|Any CPU
		{CDF1FA5E-5DDC-4310-92A1-762255E5AB85}.Debug|Any CPU.Build.0 = Debug|Any CPU
		{CDF1FA5E-5DDC-4310-92A1-762255E5AB85}.Nuget|Any CPU.ActiveCfg = Release|Any CPU
		{CDF1FA5E-5DDC-4310-92A1-762255E5AB85}.Nuget|Any CPU.Build.0 = Release|Any CPU
		{CDF1FA5E-5DDC-4310-92A1-762255E5AB85}.Release|Any CPU.ActiveCfg = Release|Any CPU
		{CDF1FA5E-5DDC-4310-92A1-762255E5AB85}.Release|Any CPU.Build.0 = Release|Any CPU
		{CDF1FA5E-5DDC-4310-92A1-762255E5AB85}.UAT|Any CPU.ActiveCfg = Release|Any CPU
		{CDF1FA5E-5DDC-4310-92A1-762255E5AB85}.UAT|Any CPU.Build.0 = Release|Any CPU
		{9B6F1648-D310-4744-B759-38B6AACA415B}.Debug|Any CPU.ActiveCfg = Debug|Any CPU
		{9B6F1648-D310-4744-B759-38B6AACA415B}.Debug|Any CPU.Build.0 = Debug|Any CPU
		{9B6F1648-D310-4744-B759-38B6AACA415B}.Nuget|Any CPU.ActiveCfg = Release|Any CPU
		{9B6F1648-D310-4744-B759-38B6AACA415B}.Nuget|Any CPU.Build.0 = Release|Any CPU
		{9B6F1648-D310-4744-B759-38B6AACA415B}.Release|Any CPU.ActiveCfg = Release|Any CPU
		{9B6F1648-D310-4744-B759-38B6AACA415B}.Release|Any CPU.Build.0 = Release|Any CPU
		{9B6F1648-D310-4744-B759-38B6AACA415B}.UAT|Any CPU.ActiveCfg = Release|Any CPU
		{9B6F1648-D310-4744-B759-38B6AACA415B}.UAT|Any CPU.Build.0 = Release|Any CPU
		{A885882D-3E55-445C-B68B-B05C3787DC0F}.Debug|Any CPU.ActiveCfg = Debug|Any CPU
		{A885882D-3E55-445C-B68B-B05C3787DC0F}.Debug|Any CPU.Build.0 = Debug|Any CPU
		{A885882D-3E55-445C-B68B-B05C3787DC0F}.Nuget|Any CPU.ActiveCfg = Release|Any CPU
		{A885882D-3E55-445C-B68B-B05C3787DC0F}.Nuget|Any CPU.Build.0 = Release|Any CPU
		{A885882D-3E55-445C-B68B-B05C3787DC0F}.Release|Any CPU.ActiveCfg = Release|Any CPU
		{A885882D-3E55-445C-B68B-B05C3787DC0F}.Release|Any CPU.Build.0 = Release|Any CPU
		{A885882D-3E55-445C-B68B-B05C3787DC0F}.UAT|Any CPU.ActiveCfg = Release|Any CPU
		{A885882D-3E55-445C-B68B-B05C3787DC0F}.UAT|Any CPU.Build.0 = Release|Any CPU
		{48A18773-C87A-4D0F-9506-1F41C18A4A20}.Debug|Any CPU.ActiveCfg = Debug|Any CPU
		{48A18773-C87A-4D0F-9506-1F41C18A4A20}.Debug|Any CPU.Build.0 = Debug|Any CPU
		{48A18773-C87A-4D0F-9506-1F41C18A4A20}.Nuget|Any CPU.ActiveCfg = Nuget|Any CPU
		{48A18773-C87A-4D0F-9506-1F41C18A4A20}.Nuget|Any CPU.Build.0 = Nuget|Any CPU
		{48A18773-C87A-4D0F-9506-1F41C18A4A20}.Release|Any CPU.ActiveCfg = Release|Any CPU
		{48A18773-C87A-4D0F-9506-1F41C18A4A20}.Release|Any CPU.Build.0 = Release|Any CPU
		{48A18773-C87A-4D0F-9506-1F41C18A4A20}.UAT|Any CPU.ActiveCfg = Nuget|Any CPU
		{48A18773-C87A-4D0F-9506-1F41C18A4A20}.UAT|Any CPU.Build.0 = Nuget|Any CPU
		{652B7AF9-F646-4BDB-93E4-92A27C3F1F2A}.Debug|Any CPU.ActiveCfg = Debug|Any CPU
		{652B7AF9-F646-4BDB-93E4-92A27C3F1F2A}.Debug|Any CPU.Build.0 = Debug|Any CPU
		{652B7AF9-F646-4BDB-93E4-92A27C3F1F2A}.Nuget|Any CPU.ActiveCfg = Release|Any CPU
		{652B7AF9-F646-4BDB-93E4-92A27C3F1F2A}.Nuget|Any CPU.Build.0 = Release|Any CPU
		{652B7AF9-F646-4BDB-93E4-92A27C3F1F2A}.Release|Any CPU.ActiveCfg = Release|Any CPU
		{652B7AF9-F646-4BDB-93E4-92A27C3F1F2A}.Release|Any CPU.Build.0 = Release|Any CPU
		{652B7AF9-F646-4BDB-93E4-92A27C3F1F2A}.UAT|Any CPU.ActiveCfg = Release|Any CPU
		{652B7AF9-F646-4BDB-93E4-92A27C3F1F2A}.UAT|Any CPU.Build.0 = Release|Any CPU
		{76ADDD2C-797E-49D2-8CD9-72FAD004BFCE}.Debug|Any CPU.ActiveCfg = Debug|Any CPU
		{76ADDD2C-797E-49D2-8CD9-72FAD004BFCE}.Debug|Any CPU.Build.0 = Debug|Any CPU
		{76ADDD2C-797E-49D2-8CD9-72FAD004BFCE}.Nuget|Any CPU.ActiveCfg = Release|Any CPU
		{76ADDD2C-797E-49D2-8CD9-72FAD004BFCE}.Nuget|Any CPU.Build.0 = Release|Any CPU
		{76ADDD2C-797E-49D2-8CD9-72FAD004BFCE}.Release|Any CPU.ActiveCfg = Release|Any CPU
		{76ADDD2C-797E-49D2-8CD9-72FAD004BFCE}.Release|Any CPU.Build.0 = Release|Any CPU
		{76ADDD2C-797E-49D2-8CD9-72FAD004BFCE}.UAT|Any CPU.ActiveCfg = Release|Any CPU
		{76ADDD2C-797E-49D2-8CD9-72FAD004BFCE}.UAT|Any CPU.Build.0 = Release|Any CPU
		{18D75357-FDC4-4DAA-95EC-AE64EC65928F}.Debug|Any CPU.ActiveCfg = Debug|Any CPU
		{18D75357-FDC4-4DAA-95EC-AE64EC65928F}.Debug|Any CPU.Build.0 = Debug|Any CPU
		{18D75357-FDC4-4DAA-95EC-AE64EC65928F}.Nuget|Any CPU.ActiveCfg = Release|Any CPU
		{18D75357-FDC4-4DAA-95EC-AE64EC65928F}.Nuget|Any CPU.Build.0 = Release|Any CPU
		{18D75357-FDC4-4DAA-95EC-AE64EC65928F}.Release|Any CPU.ActiveCfg = Release|Any CPU
		{18D75357-FDC4-4DAA-95EC-AE64EC65928F}.Release|Any CPU.Build.0 = Release|Any CPU
		{18D75357-FDC4-4DAA-95EC-AE64EC65928F}.UAT|Any CPU.ActiveCfg = Release|Any CPU
		{18D75357-FDC4-4DAA-95EC-AE64EC65928F}.UAT|Any CPU.Build.0 = Release|Any CPU
		{FD84B2BA-D740-4E98-8604-5BE98B080F5B}.Debug|Any CPU.ActiveCfg = Debug|Any CPU
		{FD84B2BA-D740-4E98-8604-5BE98B080F5B}.Debug|Any CPU.Build.0 = Debug|Any CPU
		{FD84B2BA-D740-4E98-8604-5BE98B080F5B}.Nuget|Any CPU.ActiveCfg = Release|Any CPU
		{FD84B2BA-D740-4E98-8604-5BE98B080F5B}.Nuget|Any CPU.Build.0 = Release|Any CPU
		{FD84B2BA-D740-4E98-8604-5BE98B080F5B}.Release|Any CPU.ActiveCfg = Release|Any CPU
		{FD84B2BA-D740-4E98-8604-5BE98B080F5B}.Release|Any CPU.Build.0 = Release|Any CPU
		{FD84B2BA-D740-4E98-8604-5BE98B080F5B}.UAT|Any CPU.ActiveCfg = Release|Any CPU
		{FD84B2BA-D740-4E98-8604-5BE98B080F5B}.UAT|Any CPU.Build.0 = Release|Any CPU
		{67208A0B-F69D-4C80-98BE-91C1C9A2A447}.Debug|Any CPU.ActiveCfg = Debug|Any CPU
		{67208A0B-F69D-4C80-98BE-91C1C9A2A447}.Debug|Any CPU.Build.0 = Debug|Any CPU
		{67208A0B-F69D-4C80-98BE-91C1C9A2A447}.Nuget|Any CPU.ActiveCfg = Release|Any CPU
		{67208A0B-F69D-4C80-98BE-91C1C9A2A447}.Nuget|Any CPU.Build.0 = Release|Any CPU
		{67208A0B-F69D-4C80-98BE-91C1C9A2A447}.Release|Any CPU.ActiveCfg = Release|Any CPU
		{67208A0B-F69D-4C80-98BE-91C1C9A2A447}.Release|Any CPU.Build.0 = Release|Any CPU
		{67208A0B-F69D-4C80-98BE-91C1C9A2A447}.UAT|Any CPU.ActiveCfg = Release|Any CPU
		{67208A0B-F69D-4C80-98BE-91C1C9A2A447}.UAT|Any CPU.Build.0 = Release|Any CPU
		{55470E98-FCEF-4CCE-B39D-EE2C1DA95E07}.Debug|Any CPU.ActiveCfg = Debug|Any CPU
		{55470E98-FCEF-4CCE-B39D-EE2C1DA95E07}.Debug|Any CPU.Build.0 = Debug|Any CPU
		{55470E98-FCEF-4CCE-B39D-EE2C1DA95E07}.Nuget|Any CPU.ActiveCfg = Nuget|Any CPU
		{55470E98-FCEF-4CCE-B39D-EE2C1DA95E07}.Nuget|Any CPU.Build.0 = Nuget|Any CPU
		{55470E98-FCEF-4CCE-B39D-EE2C1DA95E07}.Release|Any CPU.ActiveCfg = Release|Any CPU
		{55470E98-FCEF-4CCE-B39D-EE2C1DA95E07}.Release|Any CPU.Build.0 = Release|Any CPU
		{55470E98-FCEF-4CCE-B39D-EE2C1DA95E07}.UAT|Any CPU.ActiveCfg = Nuget|Any CPU
		{55470E98-FCEF-4CCE-B39D-EE2C1DA95E07}.UAT|Any CPU.Build.0 = Nuget|Any CPU
		{F8D1C67D-A31D-4E16-B831-14180316AA67}.Debug|Any CPU.ActiveCfg = Debug|Any CPU
		{F8D1C67D-A31D-4E16-B831-14180316AA67}.Debug|Any CPU.Build.0 = Debug|Any CPU
		{F8D1C67D-A31D-4E16-B831-14180316AA67}.Nuget|Any CPU.ActiveCfg = Release|Any CPU
		{F8D1C67D-A31D-4E16-B831-14180316AA67}.Nuget|Any CPU.Build.0 = Release|Any CPU
		{F8D1C67D-A31D-4E16-B831-14180316AA67}.Release|Any CPU.ActiveCfg = Release|Any CPU
		{F8D1C67D-A31D-4E16-B831-14180316AA67}.Release|Any CPU.Build.0 = Release|Any CPU
		{F8D1C67D-A31D-4E16-B831-14180316AA67}.UAT|Any CPU.ActiveCfg = Release|Any CPU
		{F8D1C67D-A31D-4E16-B831-14180316AA67}.UAT|Any CPU.Build.0 = Release|Any CPU
		{6878E131-1103-41D5-B989-8B8B4765C223}.Debug|Any CPU.ActiveCfg = Debug|Any CPU
		{6878E131-1103-41D5-B989-8B8B4765C223}.Debug|Any CPU.Build.0 = Debug|Any CPU
		{6878E131-1103-41D5-B989-8B8B4765C223}.Nuget|Any CPU.ActiveCfg = Release|Any CPU
		{6878E131-1103-41D5-B989-8B8B4765C223}.Nuget|Any CPU.Build.0 = Release|Any CPU
		{6878E131-1103-41D5-B989-8B8B4765C223}.Release|Any CPU.ActiveCfg = Release|Any CPU
		{6878E131-1103-41D5-B989-8B8B4765C223}.Release|Any CPU.Build.0 = Release|Any CPU
		{6878E131-1103-41D5-B989-8B8B4765C223}.UAT|Any CPU.ActiveCfg = Release|Any CPU
		{6878E131-1103-41D5-B989-8B8B4765C223}.UAT|Any CPU.Build.0 = Release|Any CPU
		{D2CBB737-ACAE-491A-8A20-A219B74F1BE4}.Debug|Any CPU.ActiveCfg = Debug|Any CPU
		{D2CBB737-ACAE-491A-8A20-A219B74F1BE4}.Debug|Any CPU.Build.0 = Debug|Any CPU
		{D2CBB737-ACAE-491A-8A20-A219B74F1BE4}.Nuget|Any CPU.ActiveCfg = Release|Any CPU
		{D2CBB737-ACAE-491A-8A20-A219B74F1BE4}.Nuget|Any CPU.Build.0 = Release|Any CPU
		{D2CBB737-ACAE-491A-8A20-A219B74F1BE4}.Release|Any CPU.ActiveCfg = Release|Any CPU
		{D2CBB737-ACAE-491A-8A20-A219B74F1BE4}.Release|Any CPU.Build.0 = Release|Any CPU
		{D2CBB737-ACAE-491A-8A20-A219B74F1BE4}.UAT|Any CPU.ActiveCfg = Release|Any CPU
		{D2CBB737-ACAE-491A-8A20-A219B74F1BE4}.UAT|Any CPU.Build.0 = Release|Any CPU
		{EB9FB08F-1E66-434C-950D-76B705A42ACF}.Debug|Any CPU.ActiveCfg = Debug|Any CPU
		{EB9FB08F-1E66-434C-950D-76B705A42ACF}.Debug|Any CPU.Build.0 = Debug|Any CPU
		{EB9FB08F-1E66-434C-950D-76B705A42ACF}.Nuget|Any CPU.ActiveCfg = Release|Any CPU
		{EB9FB08F-1E66-434C-950D-76B705A42ACF}.Nuget|Any CPU.Build.0 = Release|Any CPU
		{EB9FB08F-1E66-434C-950D-76B705A42ACF}.Release|Any CPU.ActiveCfg = Release|Any CPU
		{EB9FB08F-1E66-434C-950D-76B705A42ACF}.Release|Any CPU.Build.0 = Release|Any CPU
		{EB9FB08F-1E66-434C-950D-76B705A42ACF}.UAT|Any CPU.ActiveCfg = Release|Any CPU
		{EB9FB08F-1E66-434C-950D-76B705A42ACF}.UAT|Any CPU.Build.0 = Release|Any CPU
		{D7A93E24-4B48-4DF8-9E21-A4615A4BC6E2}.Debug|Any CPU.ActiveCfg = Debug|Any CPU
		{D7A93E24-4B48-4DF8-9E21-A4615A4BC6E2}.Debug|Any CPU.Build.0 = Debug|Any CPU
		{D7A93E24-4B48-4DF8-9E21-A4615A4BC6E2}.Nuget|Any CPU.ActiveCfg = Release|Any CPU
		{D7A93E24-4B48-4DF8-9E21-A4615A4BC6E2}.Nuget|Any CPU.Build.0 = Release|Any CPU
		{D7A93E24-4B48-4DF8-9E21-A4615A4BC6E2}.Release|Any CPU.ActiveCfg = Release|Any CPU
		{D7A93E24-4B48-4DF8-9E21-A4615A4BC6E2}.Release|Any CPU.Build.0 = Release|Any CPU
		{D7A93E24-4B48-4DF8-9E21-A4615A4BC6E2}.UAT|Any CPU.ActiveCfg = Release|Any CPU
		{D7A93E24-4B48-4DF8-9E21-A4615A4BC6E2}.UAT|Any CPU.Build.0 = Release|Any CPU
		{35DCC363-176A-4658-A111-AE622EB71110}.Debug|Any CPU.ActiveCfg = Debug|Any CPU
		{35DCC363-176A-4658-A111-AE622EB71110}.Debug|Any CPU.Build.0 = Debug|Any CPU
		{35DCC363-176A-4658-A111-AE622EB71110}.Nuget|Any CPU.ActiveCfg = Release|Any CPU
		{35DCC363-176A-4658-A111-AE622EB71110}.Nuget|Any CPU.Build.0 = Release|Any CPU
		{35DCC363-176A-4658-A111-AE622EB71110}.Release|Any CPU.ActiveCfg = Release|Any CPU
		{35DCC363-176A-4658-A111-AE622EB71110}.Release|Any CPU.Build.0 = Release|Any CPU
		{35DCC363-176A-4658-A111-AE622EB71110}.UAT|Any CPU.ActiveCfg = Release|Any CPU
		{35DCC363-176A-4658-A111-AE622EB71110}.UAT|Any CPU.Build.0 = Release|Any CPU
		{C8BD9312-EB29-47CB-B577-F9879EA0BAAD}.Debug|Any CPU.ActiveCfg = Debug|Any CPU
		{C8BD9312-EB29-47CB-B577-F9879EA0BAAD}.Debug|Any CPU.Build.0 = Debug|Any CPU
		{C8BD9312-EB29-47CB-B577-F9879EA0BAAD}.Nuget|Any CPU.ActiveCfg = Release|Any CPU
		{C8BD9312-EB29-47CB-B577-F9879EA0BAAD}.Nuget|Any CPU.Build.0 = Release|Any CPU
		{C8BD9312-EB29-47CB-B577-F9879EA0BAAD}.Release|Any CPU.ActiveCfg = Release|Any CPU
		{C8BD9312-EB29-47CB-B577-F9879EA0BAAD}.Release|Any CPU.Build.0 = Release|Any CPU
		{C8BD9312-EB29-47CB-B577-F9879EA0BAAD}.UAT|Any CPU.ActiveCfg = Release|Any CPU
		{C8BD9312-EB29-47CB-B577-F9879EA0BAAD}.UAT|Any CPU.Build.0 = Release|Any CPU
		{1A9AF7C2-5744-427B-95BE-E3B0278E4E13}.Debug|Any CPU.ActiveCfg = Debug|Any CPU
		{1A9AF7C2-5744-427B-95BE-E3B0278E4E13}.Debug|Any CPU.Build.0 = Debug|Any CPU
		{1A9AF7C2-5744-427B-95BE-E3B0278E4E13}.Nuget|Any CPU.ActiveCfg = Release|Any CPU
		{1A9AF7C2-5744-427B-95BE-E3B0278E4E13}.Nuget|Any CPU.Build.0 = Release|Any CPU
		{1A9AF7C2-5744-427B-95BE-E3B0278E4E13}.Release|Any CPU.ActiveCfg = Release|Any CPU
		{1A9AF7C2-5744-427B-95BE-E3B0278E4E13}.Release|Any CPU.Build.0 = Release|Any CPU
		{1A9AF7C2-5744-427B-95BE-E3B0278E4E13}.UAT|Any CPU.ActiveCfg = Release|Any CPU
		{1A9AF7C2-5744-427B-95BE-E3B0278E4E13}.UAT|Any CPU.Build.0 = Release|Any CPU
		{E67EA685-CE3A-44B7-8E3A-A5E0C84444AA}.Debug|Any CPU.ActiveCfg = Debug|Any CPU
		{E67EA685-CE3A-44B7-8E3A-A5E0C84444AA}.Debug|Any CPU.Build.0 = Debug|Any CPU
		{E67EA685-CE3A-44B7-8E3A-A5E0C84444AA}.Nuget|Any CPU.ActiveCfg = Release|Any CPU
		{E67EA685-CE3A-44B7-8E3A-A5E0C84444AA}.Nuget|Any CPU.Build.0 = Release|Any CPU
		{E67EA685-CE3A-44B7-8E3A-A5E0C84444AA}.Release|Any CPU.ActiveCfg = Release|Any CPU
		{E67EA685-CE3A-44B7-8E3A-A5E0C84444AA}.Release|Any CPU.Build.0 = Release|Any CPU
		{E67EA685-CE3A-44B7-8E3A-A5E0C84444AA}.UAT|Any CPU.ActiveCfg = Release|Any CPU
		{E67EA685-CE3A-44B7-8E3A-A5E0C84444AA}.UAT|Any CPU.Build.0 = Release|Any CPU
		{3A0ADA25-F094-45BD-882D-C65A1475349E}.Debug|Any CPU.ActiveCfg = Debug|Any CPU
		{3A0ADA25-F094-45BD-882D-C65A1475349E}.Debug|Any CPU.Build.0 = Debug|Any CPU
		{3A0ADA25-F094-45BD-882D-C65A1475349E}.Nuget|Any CPU.ActiveCfg = Nuget|Any CPU
		{3A0ADA25-F094-45BD-882D-C65A1475349E}.Nuget|Any CPU.Build.0 = Nuget|Any CPU
		{3A0ADA25-F094-45BD-882D-C65A1475349E}.Release|Any CPU.ActiveCfg = Release|Any CPU
		{3A0ADA25-F094-45BD-882D-C65A1475349E}.Release|Any CPU.Build.0 = Release|Any CPU
		{3A0ADA25-F094-45BD-882D-C65A1475349E}.UAT|Any CPU.ActiveCfg = UAT|Any CPU
		{3A0ADA25-F094-45BD-882D-C65A1475349E}.UAT|Any CPU.Build.0 = UAT|Any CPU
		{399ABBA0-CDF3-4B13-B30C-2D228E958996}.Debug|Any CPU.ActiveCfg = Debug|Any CPU
		{399ABBA0-CDF3-4B13-B30C-2D228E958996}.Debug|Any CPU.Build.0 = Debug|Any CPU
		{399ABBA0-CDF3-4B13-B30C-2D228E958996}.Nuget|Any CPU.ActiveCfg = Release|Any CPU
		{399ABBA0-CDF3-4B13-B30C-2D228E958996}.Nuget|Any CPU.Build.0 = Release|Any CPU
		{399ABBA0-CDF3-4B13-B30C-2D228E958996}.Release|Any CPU.ActiveCfg = Release|Any CPU
		{399ABBA0-CDF3-4B13-B30C-2D228E958996}.Release|Any CPU.Build.0 = Release|Any CPU
		{399ABBA0-CDF3-4B13-B30C-2D228E958996}.UAT|Any CPU.ActiveCfg = Release|Any CPU
		{399ABBA0-CDF3-4B13-B30C-2D228E958996}.UAT|Any CPU.Build.0 = Release|Any CPU
		{06F56A1C-B17F-407D-AD85-3A1333954EC8}.Debug|Any CPU.ActiveCfg = Debug|Any CPU
		{06F56A1C-B17F-407D-AD85-3A1333954EC8}.Debug|Any CPU.Build.0 = Debug|Any CPU
		{06F56A1C-B17F-407D-AD85-3A1333954EC8}.Nuget|Any CPU.ActiveCfg = Release|Any CPU
		{06F56A1C-B17F-407D-AD85-3A1333954EC8}.Nuget|Any CPU.Build.0 = Release|Any CPU
		{06F56A1C-B17F-407D-AD85-3A1333954EC8}.Release|Any CPU.ActiveCfg = Release|Any CPU
		{06F56A1C-B17F-407D-AD85-3A1333954EC8}.Release|Any CPU.Build.0 = Release|Any CPU
		{06F56A1C-B17F-407D-AD85-3A1333954EC8}.UAT|Any CPU.ActiveCfg = Release|Any CPU
		{06F56A1C-B17F-407D-AD85-3A1333954EC8}.UAT|Any CPU.Build.0 = Release|Any CPU
		{8168FFD0-516A-4299-A507-4EBA4752BA6D}.Debug|Any CPU.ActiveCfg = Debug|Any CPU
		{8168FFD0-516A-4299-A507-4EBA4752BA6D}.Debug|Any CPU.Build.0 = Debug|Any CPU
		{8168FFD0-516A-4299-A507-4EBA4752BA6D}.Nuget|Any CPU.ActiveCfg = Release|Any CPU
		{8168FFD0-516A-4299-A507-4EBA4752BA6D}.Nuget|Any CPU.Build.0 = Release|Any CPU
		{8168FFD0-516A-4299-A507-4EBA4752BA6D}.Release|Any CPU.ActiveCfg = Release|Any CPU
		{8168FFD0-516A-4299-A507-4EBA4752BA6D}.Release|Any CPU.Build.0 = Release|Any CPU
		{8168FFD0-516A-4299-A507-4EBA4752BA6D}.UAT|Any CPU.ActiveCfg = Release|Any CPU
		{8168FFD0-516A-4299-A507-4EBA4752BA6D}.UAT|Any CPU.Build.0 = Release|Any CPU
		{EB331A4F-5AA3-4434-BA88-F51367AE34EB}.Debug|Any CPU.ActiveCfg = Debug|Any CPU
		{EB331A4F-5AA3-4434-BA88-F51367AE34EB}.Debug|Any CPU.Build.0 = Debug|Any CPU
		{EB331A4F-5AA3-4434-BA88-F51367AE34EB}.Nuget|Any CPU.ActiveCfg = Release|Any CPU
		{EB331A4F-5AA3-4434-BA88-F51367AE34EB}.Nuget|Any CPU.Build.0 = Release|Any CPU
		{EB331A4F-5AA3-4434-BA88-F51367AE34EB}.Release|Any CPU.ActiveCfg = Release|Any CPU
		{EB331A4F-5AA3-4434-BA88-F51367AE34EB}.Release|Any CPU.Build.0 = Release|Any CPU
		{EB331A4F-5AA3-4434-BA88-F51367AE34EB}.UAT|Any CPU.ActiveCfg = Release|Any CPU
		{EB331A4F-5AA3-4434-BA88-F51367AE34EB}.UAT|Any CPU.Build.0 = Release|Any CPU
	EndGlobalSection
	GlobalSection(SolutionProperties) = preSolution
		HideSolutionNode = FALSE
	EndGlobalSection
	GlobalSection(NestedProjects) = preSolution
		{AFF517D2-7442-434B-A83C-E5391D4D4992} = {FEE88EB3-FFF5-4752-9A5A-A658659BC6DD}
		{89C63605-D95C-49D7-9D4E-57416B967380} = {FEE88EB3-FFF5-4752-9A5A-A658659BC6DD}
		{5D05594D-EB47-4677-8F77-3FFCF217B09F} = {70F2A40A-32D4-43DA-9397-92E7631FC124}
		{71DCF49F-A561-4B48-BE79-F80F128EC04E} = {FEE88EB3-FFF5-4752-9A5A-A658659BC6DD}
		{2CDDC8B1-208B-418C-9CC4-92228CA94633} = {70F2A40A-32D4-43DA-9397-92E7631FC124}
		{3F15B9FE-DCEE-4852-AD6A-356FC281D491} = {FEE88EB3-FFF5-4752-9A5A-A658659BC6DD}
		{CDF1FA5E-5DDC-4310-92A1-762255E5AB85} = {FEE88EB3-FFF5-4752-9A5A-A658659BC6DD}
		{9B6F1648-D310-4744-B759-38B6AACA415B} = {FEE88EB3-FFF5-4752-9A5A-A658659BC6DD}
		{A885882D-3E55-445C-B68B-B05C3787DC0F} = {D185F395-8DF8-45BB-B0BC-6674ED7CAF08}
		{48A18773-C87A-4D0F-9506-1F41C18A4A20} = {1B5A8501-285A-429A-B0A0-B22190C0022C}
		{652B7AF9-F646-4BDB-93E4-92A27C3F1F2A} = {D185F395-8DF8-45BB-B0BC-6674ED7CAF08}
		{76ADDD2C-797E-49D2-8CD9-72FAD004BFCE} = {1303CC8F-1B97-4B9E-8A41-7E0C2B6D39C3}
		{18D75357-FDC4-4DAA-95EC-AE64EC65928F} = {1303CC8F-1B97-4B9E-8A41-7E0C2B6D39C3}
		{FD84B2BA-D740-4E98-8604-5BE98B080F5B} = {D185F395-8DF8-45BB-B0BC-6674ED7CAF08}
		{67208A0B-F69D-4C80-98BE-91C1C9A2A447} = {D185F395-8DF8-45BB-B0BC-6674ED7CAF08}
		{55470E98-FCEF-4CCE-B39D-EE2C1DA95E07} = {743D65F1-75F6-4D1C-8828-BEBCE375A6B5}
		{F8D1C67D-A31D-4E16-B831-14180316AA67} = {743D65F1-75F6-4D1C-8828-BEBCE375A6B5}
		{6878E131-1103-41D5-B989-8B8B4765C223} = {743D65F1-75F6-4D1C-8828-BEBCE375A6B5}
		{D2CBB737-ACAE-491A-8A20-A219B74F1BE4} = {743D65F1-75F6-4D1C-8828-BEBCE375A6B5}
		{EB9FB08F-1E66-434C-950D-76B705A42ACF} = {D185F395-8DF8-45BB-B0BC-6674ED7CAF08}
		{D7A93E24-4B48-4DF8-9E21-A4615A4BC6E2} = {D185F395-8DF8-45BB-B0BC-6674ED7CAF08}
		{35DCC363-176A-4658-A111-AE622EB71110} = {743D65F1-75F6-4D1C-8828-BEBCE375A6B5}
		{C8BD9312-EB29-47CB-B577-F9879EA0BAAD} = {010B8F01-B7EE-4152-9B84-5B58ACA2067D}
		{1A9AF7C2-5744-427B-95BE-E3B0278E4E13} = {743D65F1-75F6-4D1C-8828-BEBCE375A6B5}
		{E67EA685-CE3A-44B7-8E3A-A5E0C84444AA} = {3BE88DA7-7FB8-4FCE-ABBE-D8D4B65DAA80}
		{3A0ADA25-F094-45BD-882D-C65A1475349E} = {70F2A40A-32D4-43DA-9397-92E7631FC124}
		{399ABBA0-CDF3-4B13-B30C-2D228E958996} = {70F2A40A-32D4-43DA-9397-92E7631FC124}
		{06F56A1C-B17F-407D-AD85-3A1333954EC8} = {3BE88DA7-7FB8-4FCE-ABBE-D8D4B65DAA80}
		{8168FFD0-516A-4299-A507-4EBA4752BA6D} = {3BE88DA7-7FB8-4FCE-ABBE-D8D4B65DAA80}
		{EB331A4F-5AA3-4434-BA88-F51367AE34EB} = {743D65F1-75F6-4D1C-8828-BEBCE375A6B5}
	EndGlobalSection
EndGlobal
